{
  "version": 4,
  "terraform_version": "0.12.7",
  "serial": 50,
  "lineage": "802401a0-54c3-ce74-9109-9618bb183c76",
  "outputs": {},
  "resources": [
    {
      "mode": "managed",
      "type": "azurerm_network_interface",
      "name": "main",
      "provider": "provider.azurerm",
      "instances": [
        {
          "schema_version": 0,
          "attributes": {
            "applied_dns_servers": [],
            "dns_servers": [],
            "enable_accelerated_networking": false,
            "enable_ip_forwarding": false,
            "id": "/subscriptions/928dcbe5-e163-432f-9185-0550b1a94cf3/resourceGroups/AZ-1000302-RG/providers/Microsoft.Network/networkInterfaces/az1000302-nic",
            "internal_dns_name_label": "",
            "internal_fqdn": "",
            "ip_configuration": [
              {
                "application_gateway_backend_address_pools_ids": [],
                "application_security_group_ids": [],
                "load_balancer_backend_address_pools_ids": [],
                "load_balancer_inbound_nat_rules_ids": [],
                "name": "NIC-Config",
                "primary": true,
                "private_ip_address": "10.0.1.4",
                "private_ip_address_allocation": "dynamic",
                "private_ip_address_version": "IPv4",
                "public_ip_address_id": "/subscriptions/928dcbe5-e163-432f-9185-0550b1a94cf3/resourceGroups/AZ-1000302-RG/providers/Microsoft.Network/publicIPAddresses/az1000302-ip",
                "subnet_id": "/subscriptions/928dcbe5-e163-432f-9185-0550b1a94cf3/resourceGroups/AZ-1000302-RG/providers/Microsoft.Network/virtualNetworks/az1000301-RG-vnet/subnets/subnet0"
              }
            ],
            "location": "northcentralus",
            "mac_address": "",
            "name": "az1000302-nic",
            "network_security_group_id": "",
            "private_ip_address": "10.0.1.4",
            "private_ip_addresses": [
              "10.0.1.4"
            ],
            "resource_group_name": "AZ-1000302-RG",
            "tags": {},
            "virtual_machine_id": null
          },
          "private": "bnVsbA==",
          "depends_on": [
            "azurerm_public_ip.main",
            "azurerm_resource_group.main",
            "azurerm_subnet.internal"
          ]
        }
      ]
    },
    {
      "mode": "managed",
      "type": "azurerm_public_ip",
      "name": "main",
      "provider": "provider.azurerm",
      "instances": [
        {
          "schema_version": 0,
          "attributes": {
            "allocation_method": "Static",
            "domain_name_label": null,
            "fqdn": null,
            "id": "/subscriptions/928dcbe5-e163-432f-9185-0550b1a94cf3/resourceGroups/AZ-1000302-RG/providers/Microsoft.Network/publicIPAddresses/az1000302-ip",
            "idle_timeout_in_minutes": 4,
            "ip_address": "23.101.175.105",
            "ip_version": "IPv4",
            "location": "northcentralus",
            "name": "az1000302-ip",
            "public_ip_address_allocation": "Static",
            "public_ip_prefix_id": null,
            "resource_group_name": "AZ-1000302-RG",
            "reverse_fqdn": null,
            "sku": "Basic",
            "tags": {},
            "zones": null
          },
          "private": "bnVsbA==",
          "depends_on": [
            "azurerm_resource_group.main"
          ]
        }
      ]
    },
    {
      "mode": "managed",
      "type": "azurerm_resource_group",
      "name": "main",
      "provider": "provider.azurerm",
      "instances": [
        {
          "schema_version": 0,
          "attributes": {
            "id": "/subscriptions/928dcbe5-e163-432f-9185-0550b1a94cf3/resourceGroups/AZ-1000302-RG",
            "location": "northcentralus",
            "name": "AZ-1000302-RG",
            "tags": {}
          },
          "private": "bnVsbA=="
        }
      ]
    },
    {
      "mode": "managed",
      "type": "azurerm_subnet",
      "name": "internal",
      "provider": "provider.azurerm",
      "instances": [
        {
          "schema_version": 0,
          "attributes": {
            "address_prefix": "10.0.1.0/24",
            "delegation": [],
            "enforce_private_link_endpoint_network_policies": false,
            "enforce_private_link_service_network_policies": false,
            "id": "/subscriptions/928dcbe5-e163-432f-9185-0550b1a94cf3/resourceGroups/AZ-1000302-RG/providers/Microsoft.Network/virtualNetworks/az1000301-RG-vnet/subnets/subnet0",
            "ip_configurations": [],
            "name": "subnet0",
            "network_security_group_id": "",
            "resource_group_name": "AZ-1000302-RG",
            "route_table_id": "",
            "service_endpoints": null,
            "virtual_network_name": "az1000301-RG-vnet"
          },
          "private": "bnVsbA==",
          "depends_on": [
            "azurerm_resource_group.main",
            "azurerm_virtual_network.main"
          ]
        }
      ]
    },
    {
      "mode": "managed",
      "type": "azurerm_virtual_machine",
      "name": "main",
      "provider": "provider.azurerm",
      "instances": [
        {
          "schema_version": 0,
          "attributes": {
            "additional_capabilities": [],
            "availability_set_id": null,
            "boot_diagnostics": [],
            "delete_data_disks_on_termination": true,
            "delete_os_disk_on_termination": true,
            "id": "/subscriptions/928dcbe5-e163-432f-9185-0550b1a94cf3/resourceGroups/AZ-1000302-RG/providers/Microsoft.Compute/virtualMachines/az1000302-vm",
            "identity": [],
            "license_type": null,
            "location": "northcentralus",
            "name": "az1000302-vm",
            "network_interface_ids": [
              "/subscriptions/928dcbe5-e163-432f-9185-0550b1a94cf3/resourceGroups/AZ-1000302-RG/providers/Microsoft.Network/networkInterfaces/az1000302-nic"
            ],
            "os_profile": [
              {
                "admin_password": "",
                "admin_username": "Student",
                "computer_name": "az1000302-vm",
                "custom_data": ""
              }
            ],
            "os_profile_linux_config": [
              {
                "disable_password_authentication": false,
                "ssh_keys": []
              }
            ],
            "os_profile_secrets": [],
            "os_profile_windows_config": [],
            "plan": [],
            "primary_network_interface_id": null,
            "proximity_placement_group_id": null,
            "resource_group_name": "AZ-1000302-RG",
            "storage_data_disk": [],
            "storage_image_reference": [
              {
                "id": "",
                "offer": "UbuntuServer",
                "publisher": "Canonical",
                "sku": "16.04-LTS",
                "version": "latest"
              }
            ],
            "storage_os_disk": [
              {
                "caching": "ReadWrite",
                "create_option": "FromImage",
                "disk_size_gb": 30,
                "image_uri": "",
                "managed_disk_id": "/subscriptions/928dcbe5-e163-432f-9185-0550b1a94cf3/resourceGroups/AZ-1000302-RG/providers/Microsoft.Compute/disks/OS-DISK-1",
                "managed_disk_type": "Standard_LRS",
                "name": "OS-DISK-1",
                "os_type": "Linux",
                "vhd_uri": "",
                "write_accelerator_enabled": false
              }
            ],
            "tags": {},
            "vm_size": "Standard_DS2_v2",
            "zones": null
          },
          "private": "bnVsbA==",
          "depends_on": [
            "azurerm_network_interface.main",
            "azurerm_resource_group.main"
          ]
        }
      ]
    },
    {
      "mode": "managed",
      "type": "azurerm_virtual_network",
      "name": "main",
      "provider": "provider.azurerm",
      "instances": [
        {
          "schema_version": 0,
          "attributes": {
            "address_space": [
              "10.0.0.0/16"
            ],
            "ddos_protection_plan": [],
            "dns_servers": null,
            "id": "/subscriptions/928dcbe5-e163-432f-9185-0550b1a94cf3/resourceGroups/AZ-1000302-RG/providers/Microsoft.Network/virtualNetworks/az1000301-RG-vnet",
            "location": "northcentralus",
            "name": "az1000301-RG-vnet",
            "resource_group_name": "AZ-1000302-RG",
            "subnet": [],
            "tags": {}
          },
          "private": "bnVsbA==",
          "depends_on": [
            "azurerm_resource_group.main"
          ]
        }
      ]
    }
  ]
}
