{
  "version": 4,
  "terraform_version": "0.12.7",
  "serial": 10,
  "lineage": "9ee2a994-18c3-d4eb-00f6-1fbf2c016910",
  "outputs": {},
  "resources": [
    {
      "mode": "managed",
      "type": "azurerm_lb",
      "name": "main",
      "provider": "provider.azurerm",
      "instances": [
        {
          "schema_version": 0,
          "attributes": {
            "frontend_ip_configuration": [
              {
                "id": "/subscriptions/928dcbe5-e163-432f-9185-0550b1a94cf3/resourceGroups/AZ-303_Labs/providers/Microsoft.Network/loadBalancers/VMSS-LB-CUS/frontendIPConfigurations/LoadBalancer-PIP",
                "inbound_nat_rules": [],
                "load_balancer_rules": [
                  "/subscriptions/928dcbe5-e163-432f-9185-0550b1a94cf3/resourceGroups/AZ-303_Labs/providers/Microsoft.Network/loadBalancers/VMSS-LB-CUS/loadBalancingRules/http"
                ],
                "name": "LoadBalancer-PIP",
                "outbound_rules": [],
                "private_ip_address": "",
                "private_ip_address_allocation": "Dynamic",
                "private_ip_address_version": "IPv4",
                "public_ip_address_id": "/subscriptions/928dcbe5-e163-432f-9185-0550b1a94cf3/resourceGroups/AZ-303_Labs/providers/Microsoft.Network/publicIPAddresses/LoadBalancer-PIP",
                "public_ip_prefix_id": "",
                "subnet_id": "",
                "zones": []
              }
            ],
            "id": "/subscriptions/928dcbe5-e163-432f-9185-0550b1a94cf3/resourceGroups/AZ-303_Labs/providers/Microsoft.Network/loadBalancers/VMSS-LB-CUS",
            "location": "centralus",
            "name": "VMSS-LB-CUS",
            "private_ip_address": "",
            "private_ip_addresses": [],
            "resource_group_name": "AZ-303_Labs",
            "sku": "Basic",
            "tags": {},
            "timeouts": null
          },
          "private": "eyJlMmJmYjczMC1lY2FhLTExZTYtOGY4OC0zNDM2M2JjN2M0YzAiOnsiY3JlYXRlIjoxODAwMDAwMDAwMDAwLCJkZWxldGUiOjE4MDAwMDAwMDAwMDAsInJlYWQiOjMwMDAwMDAwMDAwMCwidXBkYXRlIjoxODAwMDAwMDAwMDAwfX0=",
          "depends_on": [
            "azurerm_public_ip.main",
            "azurerm_resource_group.main"
          ]
        }
      ]
    },
    {
      "mode": "managed",
      "type": "azurerm_lb_backend_address_pool",
      "name": "main",
      "provider": "provider.azurerm",
      "instances": [
        {
          "schema_version": 0,
          "attributes": {
            "backend_ip_configurations": [],
            "id": "/subscriptions/928dcbe5-e163-432f-9185-0550b1a94cf3/resourceGroups/AZ-303_Labs/providers/Microsoft.Network/loadBalancers/VMSS-LB-CUS/backendAddressPools/BackEndAddressPool",
            "load_balancing_rules": [
              "/subscriptions/928dcbe5-e163-432f-9185-0550b1a94cf3/resourceGroups/AZ-303_Labs/providers/Microsoft.Network/loadBalancers/VMSS-LB-CUS/loadBalancingRules/http"
            ],
            "loadbalancer_id": "/subscriptions/928dcbe5-e163-432f-9185-0550b1a94cf3/resourceGroups/AZ-303_Labs/providers/Microsoft.Network/loadBalancers/VMSS-LB-CUS",
            "name": "BackEndAddressPool",
            "resource_group_name": "AZ-303_Labs",
            "timeouts": null
          },
          "private": "eyJlMmJmYjczMC1lY2FhLTExZTYtOGY4OC0zNDM2M2JjN2M0YzAiOnsiY3JlYXRlIjoxODAwMDAwMDAwMDAwLCJkZWxldGUiOjE4MDAwMDAwMDAwMDAsInJlYWQiOjMwMDAwMDAwMDAwMCwidXBkYXRlIjoxODAwMDAwMDAwMDAwfX0=",
          "depends_on": [
            "azurerm_lb.main",
            "azurerm_resource_group.main"
          ]
        }
      ]
    },
    {
      "mode": "managed",
      "type": "azurerm_lb_rule",
      "name": "main",
      "provider": "provider.azurerm",
      "instances": [
        {
          "schema_version": 0,
          "attributes": {
            "backend_address_pool_id": "/subscriptions/928dcbe5-e163-432f-9185-0550b1a94cf3/resourceGroups/AZ-303_Labs/providers/Microsoft.Network/loadBalancers/VMSS-LB-CUS/backendAddressPools/BackEndAddressPool",
            "backend_port": 80,
            "disable_outbound_snat": false,
            "enable_floating_ip": false,
            "enable_tcp_reset": false,
            "frontend_ip_configuration_id": "/subscriptions/928dcbe5-e163-432f-9185-0550b1a94cf3/resourceGroups/AZ-303_Labs/providers/Microsoft.Network/loadBalancers/VMSS-LB-CUS/frontendIPConfigurations/LoadBalancer-PIP",
            "frontend_ip_configuration_name": "LoadBalancer-PIP",
            "frontend_port": 80,
            "id": "/subscriptions/928dcbe5-e163-432f-9185-0550b1a94cf3/resourceGroups/AZ-303_Labs/providers/Microsoft.Network/loadBalancers/VMSS-LB-CUS/loadBalancingRules/http",
            "idle_timeout_in_minutes": 4,
            "load_distribution": "Default",
            "loadbalancer_id": "/subscriptions/928dcbe5-e163-432f-9185-0550b1a94cf3/resourceGroups/AZ-303_Labs/providers/Microsoft.Network/loadBalancers/VMSS-LB-CUS",
            "name": "http",
            "probe_id": null,
            "protocol": "Tcp",
            "resource_group_name": "AZ-303_Labs",
            "timeouts": null
          },
          "private": "eyJlMmJmYjczMC1lY2FhLTExZTYtOGY4OC0zNDM2M2JjN2M0YzAiOnsiY3JlYXRlIjoxODAwMDAwMDAwMDAwLCJkZWxldGUiOjE4MDAwMDAwMDAwMDAsInJlYWQiOjMwMDAwMDAwMDAwMCwidXBkYXRlIjoxODAwMDAwMDAwMDAwfX0=",
          "depends_on": [
            "azurerm_lb.main",
            "azurerm_lb_backend_address_pool.main",
            "azurerm_public_ip.main",
            "azurerm_resource_group.main"
          ]
        }
      ]
    },
    {
      "mode": "managed",
      "type": "azurerm_public_ip",
      "name": "main",
      "provider": "provider.azurerm",
      "instances": [
        {
          "schema_version": 0,
          "attributes": {
            "allocation_method": "Dynamic",
            "domain_name_label": null,
            "fqdn": null,
            "id": "/subscriptions/928dcbe5-e163-432f-9185-0550b1a94cf3/resourceGroups/AZ-303_Labs/providers/Microsoft.Network/publicIPAddresses/LoadBalancer-PIP",
            "idle_timeout_in_minutes": 4,
            "ip_address": "",
            "ip_version": "IPv4",
            "location": "centralus",
            "name": "LoadBalancer-PIP",
            "public_ip_prefix_id": null,
            "resource_group_name": "AZ-303_Labs",
            "reverse_fqdn": null,
            "sku": "Basic",
            "tags": {},
            "timeouts": null,
            "zones": []
          },
          "private": "eyJlMmJmYjczMC1lY2FhLTExZTYtOGY4OC0zNDM2M2JjN2M0YzAiOnsiY3JlYXRlIjoxODAwMDAwMDAwMDAwLCJkZWxldGUiOjE4MDAwMDAwMDAwMDAsInJlYWQiOjMwMDAwMDAwMDAwMCwidXBkYXRlIjoxODAwMDAwMDAwMDAwfX0=",
          "depends_on": [
            "azurerm_resource_group.main"
          ]
        }
      ]
    },
    {
      "mode": "managed",
      "type": "azurerm_resource_group",
      "name": "main",
      "provider": "provider.azurerm",
      "instances": [
        {
          "schema_version": 0,
          "attributes": {
            "id": "/subscriptions/928dcbe5-e163-432f-9185-0550b1a94cf3/resourceGroups/AZ-303_Labs",
            "location": "centralus",
            "name": "AZ-303_Labs",
            "tags": {},
            "timeouts": null
          },
          "private": "eyJlMmJmYjczMC1lY2FhLTExZTYtOGY4OC0zNDM2M2JjN2M0YzAiOnsiY3JlYXRlIjo1NDAwMDAwMDAwMDAwLCJkZWxldGUiOjU0MDAwMDAwMDAwMDAsInJlYWQiOjMwMDAwMDAwMDAwMCwidXBkYXRlIjo1NDAwMDAwMDAwMDAwfX0="
        }
      ]
    },
    {
      "mode": "managed",
      "type": "azurerm_subnet",
      "name": "main",
      "provider": "provider.azurerm",
      "instances": [
        {
          "schema_version": 0,
          "attributes": {
            "address_prefix": "172.16.50.0/24",
            "delegation": [],
            "enforce_private_link_endpoint_network_policies": false,
            "enforce_private_link_service_network_policies": false,
            "id": "/subscriptions/928dcbe5-e163-432f-9185-0550b1a94cf3/resourceGroups/AZ-303_Labs/providers/Microsoft.Network/virtualNetworks/Lab-VNET-CUS/subnets/MainSubnet",
            "name": "MainSubnet",
            "resource_group_name": "AZ-303_Labs",
            "service_endpoints": null,
            "timeouts": null,
            "virtual_network_name": "Lab-VNET-CUS"
          },
          "private": "eyJlMmJmYjczMC1lY2FhLTExZTYtOGY4OC0zNDM2M2JjN2M0YzAiOnsiY3JlYXRlIjoxODAwMDAwMDAwMDAwLCJkZWxldGUiOjE4MDAwMDAwMDAwMDAsInJlYWQiOjMwMDAwMDAwMDAwMCwidXBkYXRlIjoxODAwMDAwMDAwMDAwfX0=",
          "depends_on": [
            "azurerm_resource_group.main",
            "azurerm_virtual_network.main"
          ]
        }
      ]
    },
    {
      "mode": "managed",
      "type": "azurerm_virtual_machine_scale_set",
      "name": "main",
      "provider": "provider.azurerm",
      "instances": [
        {
          "schema_version": 1,
          "attributes": {
            "automatic_os_upgrade": false,
            "boot_diagnostics": [],
            "eviction_policy": "",
            "extension": [],
            "health_probe_id": null,
            "id": "/subscriptions/928dcbe5-e163-432f-9185-0550b1a94cf3/resourceGroups/AZ-303_Labs/providers/Microsoft.Compute/virtualMachineScaleSets/AZ300-VMSS-CUS",
            "identity": [],
            "license_type": "",
            "location": "centralus",
            "name": "AZ300-VMSS-CUS",
            "network_profile": [
              {
                "accelerated_networking": false,
                "dns_settings": [
                  {
                    "dns_servers": []
                  }
                ],
                "ip_configuration": [
                  {
                    "application_gateway_backend_address_pool_ids": [],
                    "application_security_group_ids": [],
                    "load_balancer_backend_address_pool_ids": [
                      "/subscriptions/928dcbe5-e163-432f-9185-0550b1a94cf3/resourceGroups/AZ-303_Labs/providers/Microsoft.Network/loadBalancers/VMSS-LB-CUS/backendAddressPools/BackEndAddressPool"
                    ],
                    "load_balancer_inbound_nat_rules_ids": [],
                    "name": "IPConfiguration",
                    "primary": true,
                    "public_ip_address_configuration": [],
                    "subnet_id": "/subscriptions/928dcbe5-e163-432f-9185-0550b1a94cf3/resourceGroups/AZ-303_Labs/providers/Microsoft.Network/virtualNetworks/Lab-VNET-CUS/subnets/MainSubnet"
                  }
                ],
                "ip_forwarding": false,
                "name": "LinuxNetworkProfile",
                "network_security_group_id": "",
                "primary": true
              }
            ],
            "os_profile": [
              {
                "admin_password": "G0odPa55w.rd1234!",
                "admin_username": "Riley-Admin",
                "computer_name_prefix": "VMSS-Lab",
                "custom_data": ""
              }
            ],
            "os_profile_linux_config": [
              {
                "disable_password_authentication": false,
                "ssh_keys": []
              }
            ],
            "os_profile_secrets": [],
            "os_profile_windows_config": [],
            "overprovision": true,
            "plan": [],
            "priority": "",
            "proximity_placement_group_id": null,
            "resource_group_name": "AZ-303_Labs",
            "rolling_upgrade_policy": [],
            "single_placement_group": true,
            "sku": [
              {
                "capacity": 1,
                "name": "Standard_DS2_v2",
                "tier": "Standard"
              }
            ],
            "storage_profile_data_disk": [
              {
                "caching": "ReadWrite",
                "create_option": "Empty",
                "disk_size_gb": 10,
                "lun": 0,
                "managed_disk_type": "Standard_LRS"
              }
            ],
            "storage_profile_image_reference": [
              {
                "id": "",
                "offer": "UbuntuServer",
                "publisher": "Canonical",
                "sku": "16.04-LTS",
                "version": "latest"
              }
            ],
            "storage_profile_os_disk": [
              {
                "caching": "ReadWrite",
                "create_option": "FromImage",
                "image": "",
                "managed_disk_type": "Standard_LRS",
                "name": "",
                "os_type": "",
                "vhd_containers": []
              }
            ],
            "tags": null,
            "timeouts": null,
            "upgrade_policy_mode": "Manual",
            "zones": null
          },
          "private": "eyJlMmJmYjczMC1lY2FhLTExZTYtOGY4OC0zNDM2M2JjN2M0YzAiOnsiY3JlYXRlIjozNjAwMDAwMDAwMDAwLCJkZWxldGUiOjM2MDAwMDAwMDAwMDAsInJlYWQiOjMwMDAwMDAwMDAwMCwidXBkYXRlIjozNjAwMDAwMDAwMDAwfSwic2NoZW1hX3ZlcnNpb24iOiIxIn0=",
          "depends_on": [
            "azurerm_lb_backend_address_pool.main",
            "azurerm_resource_group.main",
            "azurerm_subnet.main"
          ]
        }
      ]
    },
    {
      "mode": "managed",
      "type": "azurerm_virtual_network",
      "name": "main",
      "provider": "provider.azurerm",
      "instances": [
        {
          "schema_version": 0,
          "attributes": {
            "address_space": [
              "172.16.50.0/24"
            ],
            "ddos_protection_plan": [],
            "dns_servers": [],
            "id": "/subscriptions/928dcbe5-e163-432f-9185-0550b1a94cf3/resourceGroups/AZ-303_Labs/providers/Microsoft.Network/virtualNetworks/Lab-VNET-CUS",
            "location": "centralus",
            "name": "Lab-VNET-CUS",
            "resource_group_name": "AZ-303_Labs",
            "subnet": [],
            "tags": {},
            "timeouts": null
          },
          "private": "eyJlMmJmYjczMC1lY2FhLTExZTYtOGY4OC0zNDM2M2JjN2M0YzAiOnsiY3JlYXRlIjoxODAwMDAwMDAwMDAwLCJkZWxldGUiOjE4MDAwMDAwMDAwMDAsInJlYWQiOjMwMDAwMDAwMDAwMCwidXBkYXRlIjoxODAwMDAwMDAwMDAwfX0=",
          "depends_on": [
            "azurerm_resource_group.main"
          ]
        }
      ]
    }
  ]
}
