{
  "version": 4,
  "terraform_version": "0.12.7",
  "serial": 39,
  "lineage": "84ede3d2-d3f7-498d-c01e-bfb384399cc0",
  "outputs": {
    "vmssPublicIP": {
      "value": "partlycloudy.northcentralus.cloudapp.azure.com",
      "type": "string"
    }
  },
  "resources": [
    {
      "mode": "managed",
      "type": "azurerm_lb",
      "name": "main",
      "provider": "provider.azurerm",
      "instances": [
        {
          "schema_version": 0,
          "attributes": {
            "frontend_ip_configuration": [
              {
                "id": "/subscriptions/928dcbe5-e163-432f-9185-0550b1a94cf3/resourceGroups/Terraform-VMSS-NCUS/providers/Microsoft.Network/loadBalancers/VMSS-PublicLB-NCUS/frontendIPConfigurations/VMSS-PubIP-NCUS",
                "inbound_nat_rules": [],
                "load_balancer_rules": [
                  "/subscriptions/928dcbe5-e163-432f-9185-0550b1a94cf3/resourceGroups/Terraform-VMSS-NCUS/providers/Microsoft.Network/loadBalancers/VMSS-PublicLB-NCUS/loadBalancingRules/http"
                ],
                "name": "VMSS-PubIP-NCUS",
                "outbound_rules": [],
                "private_ip_address": "",
                "private_ip_address_allocation": "Dynamic",
                "public_ip_address_id": "/subscriptions/928dcbe5-e163-432f-9185-0550b1a94cf3/resourceGroups/Terraform-VMSS-NCUS/providers/Microsoft.Network/publicIPAddresses/VMSS-PubIP-NCUS",
                "public_ip_prefix_id": "",
                "subnet_id": "",
                "zones": []
              }
            ],
            "id": "/subscriptions/928dcbe5-e163-432f-9185-0550b1a94cf3/resourceGroups/Terraform-VMSS-NCUS/providers/Microsoft.Network/loadBalancers/VMSS-PublicLB-NCUS",
            "location": "northcentralus",
            "name": "VMSS-PublicLB-NCUS",
            "private_ip_address": "",
            "private_ip_addresses": [],
            "resource_group_name": "Terraform-VMSS-NCUS",
            "sku": "Basic",
            "tags": {}
          },
          "private": "bnVsbA==",
          "depends_on": [
            "azurerm_public_ip.main",
            "azurerm_resource_group.main"
          ]
        }
      ]
    },
    {
      "mode": "managed",
      "type": "azurerm_lb_backend_address_pool",
      "name": "main",
      "provider": "provider.azurerm",
      "instances": [
        {
          "schema_version": 0,
          "attributes": {
            "backend_ip_configurations": [],
            "id": "/subscriptions/928dcbe5-e163-432f-9185-0550b1a94cf3/resourceGroups/Terraform-VMSS-NCUS/providers/Microsoft.Network/loadBalancers/VMSS-PublicLB-NCUS/backendAddressPools/BackEndAddressPool",
            "load_balancing_rules": [
              "/subscriptions/928dcbe5-e163-432f-9185-0550b1a94cf3/resourceGroups/Terraform-VMSS-NCUS/providers/Microsoft.Network/loadBalancers/VMSS-PublicLB-NCUS/loadBalancingRules/http"
            ],
            "loadbalancer_id": "/subscriptions/928dcbe5-e163-432f-9185-0550b1a94cf3/resourceGroups/Terraform-VMSS-NCUS/providers/Microsoft.Network/loadBalancers/VMSS-PublicLB-NCUS",
            "location": null,
            "name": "BackEndAddressPool",
            "resource_group_name": "Terraform-VMSS-NCUS"
          },
          "private": "bnVsbA==",
          "depends_on": [
            "azurerm_lb.main",
            "azurerm_resource_group.main"
          ]
        }
      ]
    },
    {
      "mode": "managed",
      "type": "azurerm_lb_rule",
      "name": "main",
      "provider": "provider.azurerm",
      "instances": [
        {
          "schema_version": 0,
          "attributes": {
            "backend_address_pool_id": "/subscriptions/928dcbe5-e163-432f-9185-0550b1a94cf3/resourceGroups/Terraform-VMSS-NCUS/providers/Microsoft.Network/loadBalancers/VMSS-PublicLB-NCUS/backendAddressPools/BackEndAddressPool",
            "backend_port": 80,
            "disable_outbound_snat": false,
            "enable_floating_ip": false,
            "enable_tcp_reset": false,
            "frontend_ip_configuration_id": "/subscriptions/928dcbe5-e163-432f-9185-0550b1a94cf3/resourceGroups/Terraform-VMSS-NCUS/providers/Microsoft.Network/loadBalancers/VMSS-PublicLB-NCUS/frontendIPConfigurations/VMSS-PubIP-NCUS",
            "frontend_ip_configuration_name": "VMSS-PubIP-NCUS",
            "frontend_port": 80,
            "id": "/subscriptions/928dcbe5-e163-432f-9185-0550b1a94cf3/resourceGroups/Terraform-VMSS-NCUS/providers/Microsoft.Network/loadBalancers/VMSS-PublicLB-NCUS/loadBalancingRules/http",
            "idle_timeout_in_minutes": 4,
            "load_distribution": "Default",
            "loadbalancer_id": "/subscriptions/928dcbe5-e163-432f-9185-0550b1a94cf3/resourceGroups/Terraform-VMSS-NCUS/providers/Microsoft.Network/loadBalancers/VMSS-PublicLB-NCUS",
            "location": null,
            "name": "http",
            "probe_id": null,
            "protocol": "Tcp",
            "resource_group_name": "Terraform-VMSS-NCUS"
          },
          "private": "bnVsbA==",
          "depends_on": [
            "azurerm_lb.main",
            "azurerm_lb_backend_address_pool.main",
            "azurerm_public_ip.main",
            "azurerm_resource_group.main"
          ]
        }
      ]
    },
    {
      "mode": "managed",
      "type": "azurerm_public_ip",
      "name": "main",
      "provider": "provider.azurerm",
      "instances": [
        {
          "schema_version": 0,
          "attributes": {
            "allocation_method": "Static",
            "domain_name_label": "partlycloudy",
            "fqdn": "partlycloudy.northcentralus.cloudapp.azure.com",
            "id": "/subscriptions/928dcbe5-e163-432f-9185-0550b1a94cf3/resourceGroups/Terraform-VMSS-NCUS/providers/Microsoft.Network/publicIPAddresses/VMSS-PubIP-NCUS",
            "idle_timeout_in_minutes": 4,
            "ip_address": "52.162.223.217",
            "ip_version": "IPv4",
            "location": "northcentralus",
            "name": "VMSS-PubIP-NCUS",
            "public_ip_address_allocation": "Static",
            "public_ip_prefix_id": null,
            "resource_group_name": "Terraform-VMSS-NCUS",
            "reverse_fqdn": "",
            "sku": "Basic",
            "tags": {},
            "zones": []
          },
          "private": "bnVsbA==",
          "depends_on": [
            "azurerm_resource_group.main"
          ]
        }
      ]
    },
    {
      "mode": "managed",
      "type": "azurerm_resource_group",
      "name": "main",
      "provider": "provider.azurerm",
      "instances": [
        {
          "schema_version": 0,
          "attributes": {
            "id": "/subscriptions/928dcbe5-e163-432f-9185-0550b1a94cf3/resourceGroups/Terraform-VMSS-NCUS",
            "location": "northcentralus",
            "name": "Terraform-VMSS-NCUS",
            "tags": {}
          },
          "private": "bnVsbA=="
        }
      ]
    },
    {
      "mode": "managed",
      "type": "azurerm_subnet",
      "name": "internal",
      "provider": "provider.azurerm",
      "instances": [
        {
          "schema_version": 0,
          "attributes": {
            "address_prefix": "10.203.0.0/24",
            "delegation": [],
            "enforce_private_link_endpoint_network_policies": false,
            "enforce_private_link_service_network_policies": false,
            "id": "/subscriptions/928dcbe5-e163-432f-9185-0550b1a94cf3/resourceGroups/Terraform-VMSS-NCUS/providers/Microsoft.Network/virtualNetworks/VMSS-vNet-NCUS/subnets/subnbet0",
            "ip_configurations": [],
            "name": "subnbet0",
            "network_security_group_id": "",
            "resource_group_name": "Terraform-VMSS-NCUS",
            "route_table_id": "",
            "service_endpoints": [],
            "virtual_network_name": "VMSS-vNet-NCUS"
          },
          "private": "bnVsbA==",
          "depends_on": [
            "azurerm_resource_group.main",
            "azurerm_virtual_network.main"
          ]
        }
      ]
    },
    {
      "mode": "managed",
      "type": "azurerm_virtual_machine_scale_set",
      "name": "main",
      "provider": "provider.azurerm",
      "instances": [
        {
          "schema_version": 1,
          "attributes": {
            "automatic_os_upgrade": false,
            "boot_diagnostics": [],
            "eviction_policy": "",
            "extension": [],
            "health_probe_id": null,
            "id": "/subscriptions/928dcbe5-e163-432f-9185-0550b1a94cf3/resourceGroups/Terraform-VMSS-NCUS/providers/Microsoft.Compute/virtualMachineScaleSets/VMSS-MCVMSS-NCUS",
            "identity": [],
            "license_type": "",
            "location": "northcentralus",
            "name": "VMSS-MCVMSS-NCUS",
            "network_profile": [
              {
                "accelerated_networking": false,
                "dns_settings": [
                  {
                    "dns_servers": []
                  }
                ],
                "ip_configuration": [
                  {
                    "application_gateway_backend_address_pool_ids": [],
                    "application_security_group_ids": [],
                    "load_balancer_backend_address_pool_ids": [
                      "/subscriptions/928dcbe5-e163-432f-9185-0550b1a94cf3/resourceGroups/Terraform-VMSS-NCUS/providers/Microsoft.Network/loadBalancers/VMSS-PublicLB-NCUS/backendAddressPools/BackEndAddressPool"
                    ],
                    "load_balancer_inbound_nat_rules_ids": [],
                    "name": "IPConfiguration",
                    "primary": true,
                    "public_ip_address_configuration": [],
                    "subnet_id": "/subscriptions/928dcbe5-e163-432f-9185-0550b1a94cf3/resourceGroups/Terraform-VMSS-NCUS/providers/Microsoft.Network/virtualNetworks/VMSS-vNet-NCUS/subnets/subnbet0"
                  }
                ],
                "ip_forwarding": false,
                "name": "LinuxNetworkProfile",
                "network_security_group_id": "",
                "primary": true
              }
            ],
            "os_profile": [
              {
                "admin_password": "Pa55w.rd1234",
                "admin_username": "Student",
                "computer_name_prefix": "VMSS-Lab",
                "custom_data": "I2Nsb3VkLWNvbmZpZw0KcGFja2FnZXM6DQogLSBuZ2lueA=="
              }
            ],
            "os_profile_linux_config": [
              {
                "disable_password_authentication": false,
                "ssh_keys": []
              }
            ],
            "os_profile_secrets": [],
            "os_profile_windows_config": [],
            "overprovision": true,
            "plan": [],
            "priority": "",
            "proximity_placement_group_id": null,
            "resource_group_name": "Terraform-VMSS-NCUS",
            "rolling_upgrade_policy": [],
            "single_placement_group": true,
            "sku": [
              {
                "capacity": 1,
                "name": "Standard_DS2_v2",
                "tier": "Standard"
              }
            ],
            "storage_profile_data_disk": [
              {
                "caching": "ReadWrite",
                "create_option": "Empty",
                "disk_size_gb": 10,
                "lun": 0,
                "managed_disk_type": "Standard_LRS"
              }
            ],
            "storage_profile_image_reference": [
              {
                "id": "",
                "offer": "UbuntuServer",
                "publisher": "Canonical",
                "sku": "16.04-LTS",
                "version": "latest"
              }
            ],
            "storage_profile_os_disk": [
              {
                "caching": "ReadWrite",
                "create_option": "FromImage",
                "image": "",
                "managed_disk_type": "Standard_LRS",
                "name": "",
                "os_type": "",
                "vhd_containers": []
              }
            ],
            "tags": {},
            "upgrade_policy_mode": "Manual",
            "zones": null
          },
          "private": "eyJzY2hlbWFfdmVyc2lvbiI6IjEifQ==",
          "depends_on": [
            "azurerm_lb_backend_address_pool.main",
            "azurerm_resource_group.main",
            "azurerm_subnet.internal"
          ]
        }
      ]
    },
    {
      "mode": "managed",
      "type": "azurerm_virtual_network",
      "name": "main",
      "provider": "provider.azurerm",
      "instances": [
        {
          "schema_version": 0,
          "attributes": {
            "address_space": [
              "10.203.0.0/16"
            ],
            "ddos_protection_plan": [],
            "dns_servers": [],
            "id": "/subscriptions/928dcbe5-e163-432f-9185-0550b1a94cf3/resourceGroups/Terraform-VMSS-NCUS/providers/Microsoft.Network/virtualNetworks/VMSS-vNet-NCUS",
            "location": "northcentralus",
            "name": "VMSS-vNet-NCUS",
            "resource_group_name": "Terraform-VMSS-NCUS",
            "subnet": [
              {
                "address_prefix": "10.203.0.0/24",
                "id": "/subscriptions/928dcbe5-e163-432f-9185-0550b1a94cf3/resourceGroups/Terraform-VMSS-NCUS/providers/Microsoft.Network/virtualNetworks/VMSS-vNet-NCUS/subnets/subnbet0",
                "name": "subnbet0",
                "security_group": ""
              }
            ],
            "tags": {}
          },
          "private": "bnVsbA==",
          "depends_on": [
            "azurerm_resource_group.main"
          ]
        }
      ]
    }
  ]
}
