{
  "version": 4,
  "terraform_version": "0.12.7",
  "serial": 79,
  "lineage": "837f10b1-0cb2-a123-c84a-03011f59a6c0",
  "outputs": {
    "primary_ips": {
      "value": [
        "23.96.210.74",
        "65.52.54.147",
        "23.96.214.16",
        "23.96.210.47",
        "23.96.211.152"
      ],
      "type": [
        "tuple",
        [
          "string",
          "string",
          "string",
          "string",
          "string"
        ]
      ]
    },
    "quaternary_ips": {
      "value": [
        "40.124.49.230",
        "40.124.49.252",
        "40.124.48.91",
        "40.124.49.247"
      ],
      "type": [
        "tuple",
        [
          "string",
          "string",
          "string",
          "string"
        ]
      ]
    },
    "secondary_ips": {
      "value": [
        "40.85.180.212",
        "104.41.130.189",
        "40.85.180.226",
        "40.85.181.14",
        "40.85.181.53"
      ],
      "type": [
        "tuple",
        [
          "string",
          "string",
          "string",
          "string",
          "string"
        ]
      ]
    },
    "tertiary_ips": {
      "value": [
        "104.40.70.197",
        "104.40.77.39",
        "104.40.79.51",
        "23.99.65.21",
        "104.40.69.116"
      ],
      "type": [
        "tuple",
        [
          "string",
          "string",
          "string",
          "string",
          "string"
        ]
      ]
    }
  },
  "resources": [
    {
      "mode": "managed",
      "type": "azurerm_network_interface",
      "name": "eus",
      "each": "list",
      "provider": "provider.azurerm",
      "instances": [
        {
          "index_key": 0,
          "schema_version": 0,
          "attributes": {
            "applied_dns_servers": [],
            "dns_servers": [],
            "enable_accelerated_networking": false,
            "enable_ip_forwarding": false,
            "id": "/subscriptions/928dcbe5-e163-432f-9185-0550b1a94cf3/resourceGroups/ACE-WINLAB-DEV/providers/Microsoft.Network/networkInterfaces/VM-NIC-EUS-0",
            "internal_dns_name_label": "",
            "ip_configuration": [
              {
                "name": "VM-NIC-CONFIG-0",
                "primary": true,
                "private_ip_address": "192.168.2.8",
                "private_ip_address_allocation": "Dynamic",
                "private_ip_address_version": "IPv4",
                "public_ip_address_id": "/subscriptions/928dcbe5-e163-432f-9185-0550b1a94cf3/resourceGroups/ACE-WINLAB-DEV/providers/Microsoft.Network/publicIPAddresses/VM-PIP-EUS-0",
                "subnet_id": "/subscriptions/928dcbe5-e163-432f-9185-0550b1a94cf3/resourceGroups/ACE-WINLAB-DEV/providers/Microsoft.Network/virtualNetworks/ACE-WINLAB-VNET2/subnets/ACE-VM-SUBNET2"
              }
            ],
            "location": "eastus",
            "mac_address": "",
            "name": "VM-NIC-EUS-0",
            "private_ip_address": "192.168.2.8",
            "private_ip_addresses": [
              "192.168.2.8"
            ],
            "resource_group_name": "ACE-WINLAB-DEV",
            "tags": null,
            "timeouts": null,
            "virtual_machine_id": ""
          },
          "private": "eyJlMmJmYjczMC1lY2FhLTExZTYtOGY4OC0zNDM2M2JjN2M0YzAiOnsiY3JlYXRlIjoxODAwMDAwMDAwMDAwLCJkZWxldGUiOjE4MDAwMDAwMDAwMDAsInJlYWQiOjMwMDAwMDAwMDAwMCwidXBkYXRlIjoxODAwMDAwMDAwMDAwfX0=",
          "depends_on": [
            "azurerm_public_ip.eus",
            "azurerm_resource_group.main",
            "azurerm_subnet.eus",
            "azurerm_virtual_network.eus"
          ]
        },
        {
          "index_key": 1,
          "schema_version": 0,
          "attributes": {
            "applied_dns_servers": [],
            "dns_servers": [],
            "enable_accelerated_networking": false,
            "enable_ip_forwarding": false,
            "id": "/subscriptions/928dcbe5-e163-432f-9185-0550b1a94cf3/resourceGroups/ACE-WINLAB-DEV/providers/Microsoft.Network/networkInterfaces/VM-NIC-EUS-1",
            "internal_dns_name_label": "",
            "ip_configuration": [
              {
                "name": "VM-NIC-CONFIG-1",
                "primary": true,
                "private_ip_address": "192.168.2.4",
                "private_ip_address_allocation": "Dynamic",
                "private_ip_address_version": "IPv4",
                "public_ip_address_id": "/subscriptions/928dcbe5-e163-432f-9185-0550b1a94cf3/resourceGroups/ACE-WINLAB-DEV/providers/Microsoft.Network/publicIPAddresses/VM-PIP-EUS-1",
                "subnet_id": "/subscriptions/928dcbe5-e163-432f-9185-0550b1a94cf3/resourceGroups/ACE-WINLAB-DEV/providers/Microsoft.Network/virtualNetworks/ACE-WINLAB-VNET2/subnets/ACE-VM-SUBNET2"
              }
            ],
            "location": "eastus",
            "mac_address": "",
            "name": "VM-NIC-EUS-1",
            "private_ip_address": "192.168.2.4",
            "private_ip_addresses": [
              "192.168.2.4"
            ],
            "resource_group_name": "ACE-WINLAB-DEV",
            "tags": null,
            "timeouts": null,
            "virtual_machine_id": ""
          },
          "private": "eyJlMmJmYjczMC1lY2FhLTExZTYtOGY4OC0zNDM2M2JjN2M0YzAiOnsiY3JlYXRlIjoxODAwMDAwMDAwMDAwLCJkZWxldGUiOjE4MDAwMDAwMDAwMDAsInJlYWQiOjMwMDAwMDAwMDAwMCwidXBkYXRlIjoxODAwMDAwMDAwMDAwfX0=",
          "depends_on": [
            "azurerm_public_ip.eus",
            "azurerm_resource_group.main",
            "azurerm_subnet.eus",
            "azurerm_virtual_network.eus"
          ]
        },
        {
          "index_key": 2,
          "schema_version": 0,
          "attributes": {
            "applied_dns_servers": [],
            "dns_servers": [],
            "enable_accelerated_networking": false,
            "enable_ip_forwarding": false,
            "id": "/subscriptions/928dcbe5-e163-432f-9185-0550b1a94cf3/resourceGroups/ACE-WINLAB-DEV/providers/Microsoft.Network/networkInterfaces/VM-NIC-EUS-2",
            "internal_dns_name_label": "",
            "ip_configuration": [
              {
                "name": "VM-NIC-CONFIG-2",
                "primary": true,
                "private_ip_address": "192.168.2.5",
                "private_ip_address_allocation": "Dynamic",
                "private_ip_address_version": "IPv4",
                "public_ip_address_id": "/subscriptions/928dcbe5-e163-432f-9185-0550b1a94cf3/resourceGroups/ACE-WINLAB-DEV/providers/Microsoft.Network/publicIPAddresses/VM-PIP-EUS-2",
                "subnet_id": "/subscriptions/928dcbe5-e163-432f-9185-0550b1a94cf3/resourceGroups/ACE-WINLAB-DEV/providers/Microsoft.Network/virtualNetworks/ACE-WINLAB-VNET2/subnets/ACE-VM-SUBNET2"
              }
            ],
            "location": "eastus",
            "mac_address": "",
            "name": "VM-NIC-EUS-2",
            "private_ip_address": "192.168.2.5",
            "private_ip_addresses": [
              "192.168.2.5"
            ],
            "resource_group_name": "ACE-WINLAB-DEV",
            "tags": null,
            "timeouts": null,
            "virtual_machine_id": ""
          },
          "private": "eyJlMmJmYjczMC1lY2FhLTExZTYtOGY4OC0zNDM2M2JjN2M0YzAiOnsiY3JlYXRlIjoxODAwMDAwMDAwMDAwLCJkZWxldGUiOjE4MDAwMDAwMDAwMDAsInJlYWQiOjMwMDAwMDAwMDAwMCwidXBkYXRlIjoxODAwMDAwMDAwMDAwfX0=",
          "depends_on": [
            "azurerm_public_ip.eus",
            "azurerm_resource_group.main",
            "azurerm_subnet.eus",
            "azurerm_virtual_network.eus"
          ]
        },
        {
          "index_key": 3,
          "schema_version": 0,
          "attributes": {
            "applied_dns_servers": [],
            "dns_servers": [],
            "enable_accelerated_networking": false,
            "enable_ip_forwarding": false,
            "id": "/subscriptions/928dcbe5-e163-432f-9185-0550b1a94cf3/resourceGroups/ACE-WINLAB-DEV/providers/Microsoft.Network/networkInterfaces/VM-NIC-EUS-3",
            "internal_dns_name_label": "",
            "ip_configuration": [
              {
                "name": "VM-NIC-CONFIG-3",
                "primary": true,
                "private_ip_address": "192.168.2.6",
                "private_ip_address_allocation": "Dynamic",
                "private_ip_address_version": "IPv4",
                "public_ip_address_id": "/subscriptions/928dcbe5-e163-432f-9185-0550b1a94cf3/resourceGroups/ACE-WINLAB-DEV/providers/Microsoft.Network/publicIPAddresses/VM-PIP-EUS-3",
                "subnet_id": "/subscriptions/928dcbe5-e163-432f-9185-0550b1a94cf3/resourceGroups/ACE-WINLAB-DEV/providers/Microsoft.Network/virtualNetworks/ACE-WINLAB-VNET2/subnets/ACE-VM-SUBNET2"
              }
            ],
            "location": "eastus",
            "mac_address": "",
            "name": "VM-NIC-EUS-3",
            "private_ip_address": "192.168.2.6",
            "private_ip_addresses": [
              "192.168.2.6"
            ],
            "resource_group_name": "ACE-WINLAB-DEV",
            "tags": null,
            "timeouts": null,
            "virtual_machine_id": ""
          },
          "private": "eyJlMmJmYjczMC1lY2FhLTExZTYtOGY4OC0zNDM2M2JjN2M0YzAiOnsiY3JlYXRlIjoxODAwMDAwMDAwMDAwLCJkZWxldGUiOjE4MDAwMDAwMDAwMDAsInJlYWQiOjMwMDAwMDAwMDAwMCwidXBkYXRlIjoxODAwMDAwMDAwMDAwfX0=",
          "depends_on": [
            "azurerm_public_ip.eus",
            "azurerm_resource_group.main",
            "azurerm_subnet.eus",
            "azurerm_virtual_network.eus"
          ]
        },
        {
          "index_key": 4,
          "schema_version": 0,
          "attributes": {
            "applied_dns_servers": [],
            "dns_servers": [],
            "enable_accelerated_networking": false,
            "enable_ip_forwarding": false,
            "id": "/subscriptions/928dcbe5-e163-432f-9185-0550b1a94cf3/resourceGroups/ACE-WINLAB-DEV/providers/Microsoft.Network/networkInterfaces/VM-NIC-EUS-4",
            "internal_dns_name_label": "",
            "ip_configuration": [
              {
                "name": "VM-NIC-CONFIG-4",
                "primary": true,
                "private_ip_address": "192.168.2.7",
                "private_ip_address_allocation": "Dynamic",
                "private_ip_address_version": "IPv4",
                "public_ip_address_id": "/subscriptions/928dcbe5-e163-432f-9185-0550b1a94cf3/resourceGroups/ACE-WINLAB-DEV/providers/Microsoft.Network/publicIPAddresses/VM-PIP-EUS-4",
                "subnet_id": "/subscriptions/928dcbe5-e163-432f-9185-0550b1a94cf3/resourceGroups/ACE-WINLAB-DEV/providers/Microsoft.Network/virtualNetworks/ACE-WINLAB-VNET2/subnets/ACE-VM-SUBNET2"
              }
            ],
            "location": "eastus",
            "mac_address": "",
            "name": "VM-NIC-EUS-4",
            "private_ip_address": "192.168.2.7",
            "private_ip_addresses": [
              "192.168.2.7"
            ],
            "resource_group_name": "ACE-WINLAB-DEV",
            "tags": null,
            "timeouts": null,
            "virtual_machine_id": ""
          },
          "private": "eyJlMmJmYjczMC1lY2FhLTExZTYtOGY4OC0zNDM2M2JjN2M0YzAiOnsiY3JlYXRlIjoxODAwMDAwMDAwMDAwLCJkZWxldGUiOjE4MDAwMDAwMDAwMDAsInJlYWQiOjMwMDAwMDAwMDAwMCwidXBkYXRlIjoxODAwMDAwMDAwMDAwfX0=",
          "depends_on": [
            "azurerm_public_ip.eus",
            "azurerm_resource_group.main",
            "azurerm_subnet.eus",
            "azurerm_virtual_network.eus"
          ]
        }
      ]
    },
    {
      "mode": "managed",
      "type": "azurerm_network_interface",
      "name": "ncus",
      "each": "list",
      "provider": "provider.azurerm",
      "instances": [
        {
          "index_key": 0,
          "schema_version": 0,
          "attributes": {
            "applied_dns_servers": [],
            "dns_servers": [],
            "enable_accelerated_networking": false,
            "enable_ip_forwarding": false,
            "id": "/subscriptions/928dcbe5-e163-432f-9185-0550b1a94cf3/resourceGroups/ACE-WINLAB-DEV/providers/Microsoft.Network/networkInterfaces/VM-NIC-NCUS-0",
            "internal_dns_name_label": "",
            "ip_configuration": [
              {
                "name": "VM-NIC-CONFIG-0",
                "primary": true,
                "private_ip_address": "192.168.1.6",
                "private_ip_address_allocation": "Dynamic",
                "private_ip_address_version": "IPv4",
                "public_ip_address_id": "/subscriptions/928dcbe5-e163-432f-9185-0550b1a94cf3/resourceGroups/ACE-WINLAB-DEV/providers/Microsoft.Network/publicIPAddresses/VM-PIP-NCUS-0",
                "subnet_id": "/subscriptions/928dcbe5-e163-432f-9185-0550b1a94cf3/resourceGroups/ACE-WINLAB-DEV/providers/Microsoft.Network/virtualNetworks/ACE-WINLAB-VNET1/subnets/ACE-VM-SUBNET1"
              }
            ],
            "location": "northcentralus",
            "mac_address": "",
            "name": "VM-NIC-NCUS-0",
            "private_ip_address": "192.168.1.6",
            "private_ip_addresses": [
              "192.168.1.6"
            ],
            "resource_group_name": "ACE-WINLAB-DEV",
            "tags": null,
            "timeouts": null,
            "virtual_machine_id": ""
          },
          "private": "eyJlMmJmYjczMC1lY2FhLTExZTYtOGY4OC0zNDM2M2JjN2M0YzAiOnsiY3JlYXRlIjoxODAwMDAwMDAwMDAwLCJkZWxldGUiOjE4MDAwMDAwMDAwMDAsInJlYWQiOjMwMDAwMDAwMDAwMCwidXBkYXRlIjoxODAwMDAwMDAwMDAwfX0=",
          "depends_on": [
            "azurerm_public_ip.ncus",
            "azurerm_resource_group.main",
            "azurerm_subnet.ncus",
            "azurerm_virtual_network.ncus"
          ]
        },
        {
          "index_key": 1,
          "schema_version": 0,
          "attributes": {
            "applied_dns_servers": [],
            "dns_servers": [],
            "enable_accelerated_networking": false,
            "enable_ip_forwarding": false,
            "id": "/subscriptions/928dcbe5-e163-432f-9185-0550b1a94cf3/resourceGroups/ACE-WINLAB-DEV/providers/Microsoft.Network/networkInterfaces/VM-NIC-NCUS-1",
            "internal_dns_name_label": "",
            "ip_configuration": [
              {
                "name": "VM-NIC-CONFIG-1",
                "primary": true,
                "private_ip_address": "192.168.1.8",
                "private_ip_address_allocation": "Dynamic",
                "private_ip_address_version": "IPv4",
                "public_ip_address_id": "/subscriptions/928dcbe5-e163-432f-9185-0550b1a94cf3/resourceGroups/ACE-WINLAB-DEV/providers/Microsoft.Network/publicIPAddresses/VM-PIP-NCUS-1",
                "subnet_id": "/subscriptions/928dcbe5-e163-432f-9185-0550b1a94cf3/resourceGroups/ACE-WINLAB-DEV/providers/Microsoft.Network/virtualNetworks/ACE-WINLAB-VNET1/subnets/ACE-VM-SUBNET1"
              }
            ],
            "location": "northcentralus",
            "mac_address": "",
            "name": "VM-NIC-NCUS-1",
            "private_ip_address": "192.168.1.8",
            "private_ip_addresses": [
              "192.168.1.8"
            ],
            "resource_group_name": "ACE-WINLAB-DEV",
            "tags": null,
            "timeouts": null,
            "virtual_machine_id": ""
          },
          "private": "eyJlMmJmYjczMC1lY2FhLTExZTYtOGY4OC0zNDM2M2JjN2M0YzAiOnsiY3JlYXRlIjoxODAwMDAwMDAwMDAwLCJkZWxldGUiOjE4MDAwMDAwMDAwMDAsInJlYWQiOjMwMDAwMDAwMDAwMCwidXBkYXRlIjoxODAwMDAwMDAwMDAwfX0=",
          "depends_on": [
            "azurerm_public_ip.ncus",
            "azurerm_resource_group.main",
            "azurerm_subnet.ncus",
            "azurerm_virtual_network.ncus"
          ]
        },
        {
          "index_key": 2,
          "schema_version": 0,
          "attributes": {
            "applied_dns_servers": [],
            "dns_servers": [],
            "enable_accelerated_networking": false,
            "enable_ip_forwarding": false,
            "id": "/subscriptions/928dcbe5-e163-432f-9185-0550b1a94cf3/resourceGroups/ACE-WINLAB-DEV/providers/Microsoft.Network/networkInterfaces/VM-NIC-NCUS-2",
            "internal_dns_name_label": "",
            "ip_configuration": [
              {
                "name": "VM-NIC-CONFIG-2",
                "primary": true,
                "private_ip_address": "192.168.1.7",
                "private_ip_address_allocation": "Dynamic",
                "private_ip_address_version": "IPv4",
                "public_ip_address_id": "/subscriptions/928dcbe5-e163-432f-9185-0550b1a94cf3/resourceGroups/ACE-WINLAB-DEV/providers/Microsoft.Network/publicIPAddresses/VM-PIP-NCUS-2",
                "subnet_id": "/subscriptions/928dcbe5-e163-432f-9185-0550b1a94cf3/resourceGroups/ACE-WINLAB-DEV/providers/Microsoft.Network/virtualNetworks/ACE-WINLAB-VNET1/subnets/ACE-VM-SUBNET1"
              }
            ],
            "location": "northcentralus",
            "mac_address": "",
            "name": "VM-NIC-NCUS-2",
            "private_ip_address": "192.168.1.7",
            "private_ip_addresses": [
              "192.168.1.7"
            ],
            "resource_group_name": "ACE-WINLAB-DEV",
            "tags": null,
            "timeouts": null,
            "virtual_machine_id": ""
          },
          "private": "eyJlMmJmYjczMC1lY2FhLTExZTYtOGY4OC0zNDM2M2JjN2M0YzAiOnsiY3JlYXRlIjoxODAwMDAwMDAwMDAwLCJkZWxldGUiOjE4MDAwMDAwMDAwMDAsInJlYWQiOjMwMDAwMDAwMDAwMCwidXBkYXRlIjoxODAwMDAwMDAwMDAwfX0=",
          "depends_on": [
            "azurerm_public_ip.ncus",
            "azurerm_resource_group.main",
            "azurerm_subnet.ncus",
            "azurerm_virtual_network.ncus"
          ]
        },
        {
          "index_key": 3,
          "schema_version": 0,
          "attributes": {
            "applied_dns_servers": [],
            "dns_servers": [],
            "enable_accelerated_networking": false,
            "enable_ip_forwarding": false,
            "id": "/subscriptions/928dcbe5-e163-432f-9185-0550b1a94cf3/resourceGroups/ACE-WINLAB-DEV/providers/Microsoft.Network/networkInterfaces/VM-NIC-NCUS-3",
            "internal_dns_name_label": "",
            "ip_configuration": [
              {
                "name": "VM-NIC-CONFIG-3",
                "primary": true,
                "private_ip_address": "192.168.1.4",
                "private_ip_address_allocation": "Dynamic",
                "private_ip_address_version": "IPv4",
                "public_ip_address_id": "/subscriptions/928dcbe5-e163-432f-9185-0550b1a94cf3/resourceGroups/ACE-WINLAB-DEV/providers/Microsoft.Network/publicIPAddresses/VM-PIP-NCUS-3",
                "subnet_id": "/subscriptions/928dcbe5-e163-432f-9185-0550b1a94cf3/resourceGroups/ACE-WINLAB-DEV/providers/Microsoft.Network/virtualNetworks/ACE-WINLAB-VNET1/subnets/ACE-VM-SUBNET1"
              }
            ],
            "location": "northcentralus",
            "mac_address": "",
            "name": "VM-NIC-NCUS-3",
            "private_ip_address": "192.168.1.4",
            "private_ip_addresses": [
              "192.168.1.4"
            ],
            "resource_group_name": "ACE-WINLAB-DEV",
            "tags": null,
            "timeouts": null,
            "virtual_machine_id": ""
          },
          "private": "eyJlMmJmYjczMC1lY2FhLTExZTYtOGY4OC0zNDM2M2JjN2M0YzAiOnsiY3JlYXRlIjoxODAwMDAwMDAwMDAwLCJkZWxldGUiOjE4MDAwMDAwMDAwMDAsInJlYWQiOjMwMDAwMDAwMDAwMCwidXBkYXRlIjoxODAwMDAwMDAwMDAwfX0=",
          "depends_on": [
            "azurerm_public_ip.ncus",
            "azurerm_resource_group.main",
            "azurerm_subnet.ncus",
            "azurerm_virtual_network.ncus"
          ]
        },
        {
          "index_key": 4,
          "schema_version": 0,
          "attributes": {
            "applied_dns_servers": [],
            "dns_servers": [],
            "enable_accelerated_networking": false,
            "enable_ip_forwarding": false,
            "id": "/subscriptions/928dcbe5-e163-432f-9185-0550b1a94cf3/resourceGroups/ACE-WINLAB-DEV/providers/Microsoft.Network/networkInterfaces/VM-NIC-NCUS-4",
            "internal_dns_name_label": "",
            "ip_configuration": [
              {
                "name": "VM-NIC-CONFIG-4",
                "primary": true,
                "private_ip_address": "192.168.1.5",
                "private_ip_address_allocation": "Dynamic",
                "private_ip_address_version": "IPv4",
                "public_ip_address_id": "/subscriptions/928dcbe5-e163-432f-9185-0550b1a94cf3/resourceGroups/ACE-WINLAB-DEV/providers/Microsoft.Network/publicIPAddresses/VM-PIP-NCUS-4",
                "subnet_id": "/subscriptions/928dcbe5-e163-432f-9185-0550b1a94cf3/resourceGroups/ACE-WINLAB-DEV/providers/Microsoft.Network/virtualNetworks/ACE-WINLAB-VNET1/subnets/ACE-VM-SUBNET1"
              }
            ],
            "location": "northcentralus",
            "mac_address": "",
            "name": "VM-NIC-NCUS-4",
            "private_ip_address": "192.168.1.5",
            "private_ip_addresses": [
              "192.168.1.5"
            ],
            "resource_group_name": "ACE-WINLAB-DEV",
            "tags": null,
            "timeouts": null,
            "virtual_machine_id": ""
          },
          "private": "eyJlMmJmYjczMC1lY2FhLTExZTYtOGY4OC0zNDM2M2JjN2M0YzAiOnsiY3JlYXRlIjoxODAwMDAwMDAwMDAwLCJkZWxldGUiOjE4MDAwMDAwMDAwMDAsInJlYWQiOjMwMDAwMDAwMDAwMCwidXBkYXRlIjoxODAwMDAwMDAwMDAwfX0=",
          "depends_on": [
            "azurerm_public_ip.ncus",
            "azurerm_resource_group.main",
            "azurerm_subnet.ncus",
            "azurerm_virtual_network.ncus"
          ]
        }
      ]
    },
    {
      "mode": "managed",
      "type": "azurerm_network_interface",
      "name": "scus",
      "each": "list",
      "provider": "provider.azurerm",
      "instances": [
        {
          "index_key": 0,
          "schema_version": 0,
          "attributes": {
            "applied_dns_servers": [],
            "dns_servers": [],
            "enable_accelerated_networking": false,
            "enable_ip_forwarding": false,
            "id": "/subscriptions/928dcbe5-e163-432f-9185-0550b1a94cf3/resourceGroups/ACE-WINLAB-DEV/providers/Microsoft.Network/networkInterfaces/VM-NIC-SCUS-0",
            "internal_dns_name_label": "",
            "ip_configuration": [
              {
                "name": "VM-NIC-CONFIG-0",
                "primary": true,
                "private_ip_address": "192.168.4.6",
                "private_ip_address_allocation": "Dynamic",
                "private_ip_address_version": "IPv4",
                "public_ip_address_id": "/subscriptions/928dcbe5-e163-432f-9185-0550b1a94cf3/resourceGroups/ACE-WINLAB-DEV/providers/Microsoft.Network/publicIPAddresses/VM-PIP-SCUS-0",
                "subnet_id": "/subscriptions/928dcbe5-e163-432f-9185-0550b1a94cf3/resourceGroups/ACE-WINLAB-DEV/providers/Microsoft.Network/virtualNetworks/ACE-WINLAB-VNET4/subnets/ACE-VM-SUBNET4"
              }
            ],
            "location": "southcentralus",
            "mac_address": "",
            "name": "VM-NIC-SCUS-0",
            "private_ip_address": "192.168.4.6",
            "private_ip_addresses": [
              "192.168.4.6"
            ],
            "resource_group_name": "ACE-WINLAB-DEV",
            "tags": null,
            "timeouts": null,
            "virtual_machine_id": ""
          },
          "private": "eyJlMmJmYjczMC1lY2FhLTExZTYtOGY4OC0zNDM2M2JjN2M0YzAiOnsiY3JlYXRlIjoxODAwMDAwMDAwMDAwLCJkZWxldGUiOjE4MDAwMDAwMDAwMDAsInJlYWQiOjMwMDAwMDAwMDAwMCwidXBkYXRlIjoxODAwMDAwMDAwMDAwfX0=",
          "depends_on": [
            "azurerm_public_ip.scus",
            "azurerm_resource_group.main",
            "azurerm_subnet.scus",
            "azurerm_virtual_network.scus"
          ]
        },
        {
          "index_key": 1,
          "schema_version": 0,
          "attributes": {
            "applied_dns_servers": [],
            "dns_servers": [],
            "enable_accelerated_networking": false,
            "enable_ip_forwarding": false,
            "id": "/subscriptions/928dcbe5-e163-432f-9185-0550b1a94cf3/resourceGroups/ACE-WINLAB-DEV/providers/Microsoft.Network/networkInterfaces/VM-NIC-SCUS-1",
            "internal_dns_name_label": "",
            "ip_configuration": [
              {
                "name": "VM-NIC-CONFIG-1",
                "primary": true,
                "private_ip_address": "192.168.4.7",
                "private_ip_address_allocation": "Dynamic",
                "private_ip_address_version": "IPv4",
                "public_ip_address_id": "/subscriptions/928dcbe5-e163-432f-9185-0550b1a94cf3/resourceGroups/ACE-WINLAB-DEV/providers/Microsoft.Network/publicIPAddresses/VM-PIP-SCUS-1",
                "subnet_id": "/subscriptions/928dcbe5-e163-432f-9185-0550b1a94cf3/resourceGroups/ACE-WINLAB-DEV/providers/Microsoft.Network/virtualNetworks/ACE-WINLAB-VNET4/subnets/ACE-VM-SUBNET4"
              }
            ],
            "location": "southcentralus",
            "mac_address": "",
            "name": "VM-NIC-SCUS-1",
            "private_ip_address": "192.168.4.7",
            "private_ip_addresses": [
              "192.168.4.7"
            ],
            "resource_group_name": "ACE-WINLAB-DEV",
            "tags": null,
            "timeouts": null,
            "virtual_machine_id": ""
          },
          "private": "eyJlMmJmYjczMC1lY2FhLTExZTYtOGY4OC0zNDM2M2JjN2M0YzAiOnsiY3JlYXRlIjoxODAwMDAwMDAwMDAwLCJkZWxldGUiOjE4MDAwMDAwMDAwMDAsInJlYWQiOjMwMDAwMDAwMDAwMCwidXBkYXRlIjoxODAwMDAwMDAwMDAwfX0=",
          "depends_on": [
            "azurerm_public_ip.scus",
            "azurerm_resource_group.main",
            "azurerm_subnet.scus",
            "azurerm_virtual_network.scus"
          ]
        },
        {
          "index_key": 2,
          "schema_version": 0,
          "attributes": {
            "applied_dns_servers": [],
            "dns_servers": [],
            "enable_accelerated_networking": false,
            "enable_ip_forwarding": false,
            "id": "/subscriptions/928dcbe5-e163-432f-9185-0550b1a94cf3/resourceGroups/ACE-WINLAB-DEV/providers/Microsoft.Network/networkInterfaces/VM-NIC-SCUS-2",
            "internal_dns_name_label": "",
            "ip_configuration": [
              {
                "name": "VM-NIC-CONFIG-2",
                "primary": true,
                "private_ip_address": "192.168.4.4",
                "private_ip_address_allocation": "Dynamic",
                "private_ip_address_version": "IPv4",
                "public_ip_address_id": "/subscriptions/928dcbe5-e163-432f-9185-0550b1a94cf3/resourceGroups/ACE-WINLAB-DEV/providers/Microsoft.Network/publicIPAddresses/VM-PIP-SCUS-2",
                "subnet_id": "/subscriptions/928dcbe5-e163-432f-9185-0550b1a94cf3/resourceGroups/ACE-WINLAB-DEV/providers/Microsoft.Network/virtualNetworks/ACE-WINLAB-VNET4/subnets/ACE-VM-SUBNET4"
              }
            ],
            "location": "southcentralus",
            "mac_address": "",
            "name": "VM-NIC-SCUS-2",
            "private_ip_address": "192.168.4.4",
            "private_ip_addresses": [
              "192.168.4.4"
            ],
            "resource_group_name": "ACE-WINLAB-DEV",
            "tags": null,
            "timeouts": null,
            "virtual_machine_id": ""
          },
          "private": "eyJlMmJmYjczMC1lY2FhLTExZTYtOGY4OC0zNDM2M2JjN2M0YzAiOnsiY3JlYXRlIjoxODAwMDAwMDAwMDAwLCJkZWxldGUiOjE4MDAwMDAwMDAwMDAsInJlYWQiOjMwMDAwMDAwMDAwMCwidXBkYXRlIjoxODAwMDAwMDAwMDAwfX0=",
          "depends_on": [
            "azurerm_public_ip.scus",
            "azurerm_resource_group.main",
            "azurerm_subnet.scus",
            "azurerm_virtual_network.scus"
          ]
        },
        {
          "index_key": 3,
          "schema_version": 0,
          "attributes": {
            "applied_dns_servers": [],
            "dns_servers": [],
            "enable_accelerated_networking": false,
            "enable_ip_forwarding": false,
            "id": "/subscriptions/928dcbe5-e163-432f-9185-0550b1a94cf3/resourceGroups/ACE-WINLAB-DEV/providers/Microsoft.Network/networkInterfaces/VM-NIC-SCUS-3",
            "internal_dns_name_label": "",
            "ip_configuration": [
              {
                "name": "VM-NIC-CONFIG-3",
                "primary": true,
                "private_ip_address": "192.168.4.5",
                "private_ip_address_allocation": "Dynamic",
                "private_ip_address_version": "IPv4",
                "public_ip_address_id": "/subscriptions/928dcbe5-e163-432f-9185-0550b1a94cf3/resourceGroups/ACE-WINLAB-DEV/providers/Microsoft.Network/publicIPAddresses/VM-PIP-SCUS-3",
                "subnet_id": "/subscriptions/928dcbe5-e163-432f-9185-0550b1a94cf3/resourceGroups/ACE-WINLAB-DEV/providers/Microsoft.Network/virtualNetworks/ACE-WINLAB-VNET4/subnets/ACE-VM-SUBNET4"
              }
            ],
            "location": "southcentralus",
            "mac_address": "",
            "name": "VM-NIC-SCUS-3",
            "private_ip_address": "192.168.4.5",
            "private_ip_addresses": [
              "192.168.4.5"
            ],
            "resource_group_name": "ACE-WINLAB-DEV",
            "tags": null,
            "timeouts": null,
            "virtual_machine_id": ""
          },
          "private": "eyJlMmJmYjczMC1lY2FhLTExZTYtOGY4OC0zNDM2M2JjN2M0YzAiOnsiY3JlYXRlIjoxODAwMDAwMDAwMDAwLCJkZWxldGUiOjE4MDAwMDAwMDAwMDAsInJlYWQiOjMwMDAwMDAwMDAwMCwidXBkYXRlIjoxODAwMDAwMDAwMDAwfX0=",
          "depends_on": [
            "azurerm_public_ip.scus",
            "azurerm_resource_group.main",
            "azurerm_subnet.scus",
            "azurerm_virtual_network.scus"
          ]
        }
      ]
    },
    {
      "mode": "managed",
      "type": "azurerm_network_interface",
      "name": "wus",
      "each": "list",
      "provider": "provider.azurerm",
      "instances": [
        {
          "index_key": 0,
          "schema_version": 0,
          "attributes": {
            "applied_dns_servers": [],
            "dns_servers": [],
            "enable_accelerated_networking": false,
            "enable_ip_forwarding": false,
            "id": "/subscriptions/928dcbe5-e163-432f-9185-0550b1a94cf3/resourceGroups/ACE-WINLAB-DEV/providers/Microsoft.Network/networkInterfaces/VM-NIC-WUS-0",
            "internal_dns_name_label": "",
            "ip_configuration": [
              {
                "name": "VM-NIC-CONFIG-0",
                "primary": true,
                "private_ip_address": "192.168.3.4",
                "private_ip_address_allocation": "Dynamic",
                "private_ip_address_version": "IPv4",
                "public_ip_address_id": "/subscriptions/928dcbe5-e163-432f-9185-0550b1a94cf3/resourceGroups/ACE-WINLAB-DEV/providers/Microsoft.Network/publicIPAddresses/VM-PIP-WUS-0",
                "subnet_id": "/subscriptions/928dcbe5-e163-432f-9185-0550b1a94cf3/resourceGroups/ACE-WINLAB-DEV/providers/Microsoft.Network/virtualNetworks/ACE-WINLAB-VNET3/subnets/ACE-VM-SUBNET3"
              }
            ],
            "location": "westus",
            "mac_address": "",
            "name": "VM-NIC-WUS-0",
            "private_ip_address": "192.168.3.4",
            "private_ip_addresses": [
              "192.168.3.4"
            ],
            "resource_group_name": "ACE-WINLAB-DEV",
            "tags": null,
            "timeouts": null,
            "virtual_machine_id": ""
          },
          "private": "eyJlMmJmYjczMC1lY2FhLTExZTYtOGY4OC0zNDM2M2JjN2M0YzAiOnsiY3JlYXRlIjoxODAwMDAwMDAwMDAwLCJkZWxldGUiOjE4MDAwMDAwMDAwMDAsInJlYWQiOjMwMDAwMDAwMDAwMCwidXBkYXRlIjoxODAwMDAwMDAwMDAwfX0=",
          "depends_on": [
            "azurerm_public_ip.wus",
            "azurerm_resource_group.main",
            "azurerm_subnet.wus",
            "azurerm_virtual_network.wus"
          ]
        },
        {
          "index_key": 1,
          "schema_version": 0,
          "attributes": {
            "applied_dns_servers": [],
            "dns_servers": [],
            "enable_accelerated_networking": false,
            "enable_ip_forwarding": false,
            "id": "/subscriptions/928dcbe5-e163-432f-9185-0550b1a94cf3/resourceGroups/ACE-WINLAB-DEV/providers/Microsoft.Network/networkInterfaces/VM-NIC-WUS-1",
            "internal_dns_name_label": "",
            "ip_configuration": [
              {
                "name": "VM-NIC-CONFIG-1",
                "primary": true,
                "private_ip_address": "192.168.3.7",
                "private_ip_address_allocation": "Dynamic",
                "private_ip_address_version": "IPv4",
                "public_ip_address_id": "/subscriptions/928dcbe5-e163-432f-9185-0550b1a94cf3/resourceGroups/ACE-WINLAB-DEV/providers/Microsoft.Network/publicIPAddresses/VM-PIP-WUS-1",
                "subnet_id": "/subscriptions/928dcbe5-e163-432f-9185-0550b1a94cf3/resourceGroups/ACE-WINLAB-DEV/providers/Microsoft.Network/virtualNetworks/ACE-WINLAB-VNET3/subnets/ACE-VM-SUBNET3"
              }
            ],
            "location": "westus",
            "mac_address": "",
            "name": "VM-NIC-WUS-1",
            "private_ip_address": "192.168.3.7",
            "private_ip_addresses": [
              "192.168.3.7"
            ],
            "resource_group_name": "ACE-WINLAB-DEV",
            "tags": null,
            "timeouts": null,
            "virtual_machine_id": ""
          },
          "private": "eyJlMmJmYjczMC1lY2FhLTExZTYtOGY4OC0zNDM2M2JjN2M0YzAiOnsiY3JlYXRlIjoxODAwMDAwMDAwMDAwLCJkZWxldGUiOjE4MDAwMDAwMDAwMDAsInJlYWQiOjMwMDAwMDAwMDAwMCwidXBkYXRlIjoxODAwMDAwMDAwMDAwfX0=",
          "depends_on": [
            "azurerm_public_ip.wus",
            "azurerm_resource_group.main",
            "azurerm_subnet.wus",
            "azurerm_virtual_network.wus"
          ]
        },
        {
          "index_key": 2,
          "schema_version": 0,
          "attributes": {
            "applied_dns_servers": [],
            "dns_servers": [],
            "enable_accelerated_networking": false,
            "enable_ip_forwarding": false,
            "id": "/subscriptions/928dcbe5-e163-432f-9185-0550b1a94cf3/resourceGroups/ACE-WINLAB-DEV/providers/Microsoft.Network/networkInterfaces/VM-NIC-WUS-2",
            "internal_dns_name_label": "",
            "ip_configuration": [
              {
                "name": "VM-NIC-CONFIG-2",
                "primary": true,
                "private_ip_address": "192.168.3.6",
                "private_ip_address_allocation": "Dynamic",
                "private_ip_address_version": "IPv4",
                "public_ip_address_id": "/subscriptions/928dcbe5-e163-432f-9185-0550b1a94cf3/resourceGroups/ACE-WINLAB-DEV/providers/Microsoft.Network/publicIPAddresses/VM-PIP-WUS-2",
                "subnet_id": "/subscriptions/928dcbe5-e163-432f-9185-0550b1a94cf3/resourceGroups/ACE-WINLAB-DEV/providers/Microsoft.Network/virtualNetworks/ACE-WINLAB-VNET3/subnets/ACE-VM-SUBNET3"
              }
            ],
            "location": "westus",
            "mac_address": "",
            "name": "VM-NIC-WUS-2",
            "private_ip_address": "192.168.3.6",
            "private_ip_addresses": [
              "192.168.3.6"
            ],
            "resource_group_name": "ACE-WINLAB-DEV",
            "tags": null,
            "timeouts": null,
            "virtual_machine_id": ""
          },
          "private": "eyJlMmJmYjczMC1lY2FhLTExZTYtOGY4OC0zNDM2M2JjN2M0YzAiOnsiY3JlYXRlIjoxODAwMDAwMDAwMDAwLCJkZWxldGUiOjE4MDAwMDAwMDAwMDAsInJlYWQiOjMwMDAwMDAwMDAwMCwidXBkYXRlIjoxODAwMDAwMDAwMDAwfX0=",
          "depends_on": [
            "azurerm_public_ip.wus",
            "azurerm_resource_group.main",
            "azurerm_subnet.wus",
            "azurerm_virtual_network.wus"
          ]
        },
        {
          "index_key": 3,
          "schema_version": 0,
          "attributes": {
            "applied_dns_servers": [],
            "dns_servers": [],
            "enable_accelerated_networking": false,
            "enable_ip_forwarding": false,
            "id": "/subscriptions/928dcbe5-e163-432f-9185-0550b1a94cf3/resourceGroups/ACE-WINLAB-DEV/providers/Microsoft.Network/networkInterfaces/VM-NIC-WUS-3",
            "internal_dns_name_label": "",
            "ip_configuration": [
              {
                "name": "VM-NIC-CONFIG-3",
                "primary": true,
                "private_ip_address": "192.168.3.5",
                "private_ip_address_allocation": "Dynamic",
                "private_ip_address_version": "IPv4",
                "public_ip_address_id": "/subscriptions/928dcbe5-e163-432f-9185-0550b1a94cf3/resourceGroups/ACE-WINLAB-DEV/providers/Microsoft.Network/publicIPAddresses/VM-PIP-WUS-3",
                "subnet_id": "/subscriptions/928dcbe5-e163-432f-9185-0550b1a94cf3/resourceGroups/ACE-WINLAB-DEV/providers/Microsoft.Network/virtualNetworks/ACE-WINLAB-VNET3/subnets/ACE-VM-SUBNET3"
              }
            ],
            "location": "westus",
            "mac_address": "",
            "name": "VM-NIC-WUS-3",
            "private_ip_address": "192.168.3.5",
            "private_ip_addresses": [
              "192.168.3.5"
            ],
            "resource_group_name": "ACE-WINLAB-DEV",
            "tags": null,
            "timeouts": null,
            "virtual_machine_id": ""
          },
          "private": "eyJlMmJmYjczMC1lY2FhLTExZTYtOGY4OC0zNDM2M2JjN2M0YzAiOnsiY3JlYXRlIjoxODAwMDAwMDAwMDAwLCJkZWxldGUiOjE4MDAwMDAwMDAwMDAsInJlYWQiOjMwMDAwMDAwMDAwMCwidXBkYXRlIjoxODAwMDAwMDAwMDAwfX0=",
          "depends_on": [
            "azurerm_public_ip.wus",
            "azurerm_resource_group.main",
            "azurerm_subnet.wus",
            "azurerm_virtual_network.wus"
          ]
        },
        {
          "index_key": 4,
          "schema_version": 0,
          "attributes": {
            "applied_dns_servers": [],
            "dns_servers": [],
            "enable_accelerated_networking": false,
            "enable_ip_forwarding": false,
            "id": "/subscriptions/928dcbe5-e163-432f-9185-0550b1a94cf3/resourceGroups/ACE-WINLAB-DEV/providers/Microsoft.Network/networkInterfaces/VM-NIC-WUS-4",
            "internal_dns_name_label": "",
            "ip_configuration": [
              {
                "name": "VM-NIC-CONFIG-4",
                "primary": true,
                "private_ip_address": "192.168.3.8",
                "private_ip_address_allocation": "Dynamic",
                "private_ip_address_version": "IPv4",
                "public_ip_address_id": "/subscriptions/928dcbe5-e163-432f-9185-0550b1a94cf3/resourceGroups/ACE-WINLAB-DEV/providers/Microsoft.Network/publicIPAddresses/VM-PIP-WUS-4",
                "subnet_id": "/subscriptions/928dcbe5-e163-432f-9185-0550b1a94cf3/resourceGroups/ACE-WINLAB-DEV/providers/Microsoft.Network/virtualNetworks/ACE-WINLAB-VNET3/subnets/ACE-VM-SUBNET3"
              }
            ],
            "location": "westus",
            "mac_address": "",
            "name": "VM-NIC-WUS-4",
            "private_ip_address": "192.168.3.8",
            "private_ip_addresses": [
              "192.168.3.8"
            ],
            "resource_group_name": "ACE-WINLAB-DEV",
            "tags": null,
            "timeouts": null,
            "virtual_machine_id": ""
          },
          "private": "eyJlMmJmYjczMC1lY2FhLTExZTYtOGY4OC0zNDM2M2JjN2M0YzAiOnsiY3JlYXRlIjoxODAwMDAwMDAwMDAwLCJkZWxldGUiOjE4MDAwMDAwMDAwMDAsInJlYWQiOjMwMDAwMDAwMDAwMCwidXBkYXRlIjoxODAwMDAwMDAwMDAwfX0=",
          "depends_on": [
            "azurerm_public_ip.wus",
            "azurerm_resource_group.main",
            "azurerm_subnet.wus",
            "azurerm_virtual_network.wus"
          ]
        }
      ]
    },
    {
      "mode": "managed",
      "type": "azurerm_network_security_group",
      "name": "eus",
      "provider": "provider.azurerm",
      "instances": [
        {
          "schema_version": 0,
          "attributes": {
            "id": "/subscriptions/928dcbe5-e163-432f-9185-0550b1a94cf3/resourceGroups/ACE-WINLAB-DEV/providers/Microsoft.Network/networkSecurityGroups/DEFUALT-NSG-EUS",
            "location": "eastus",
            "name": "DEFUALT-NSG-EUS",
            "resource_group_name": "ACE-WINLAB-DEV",
            "security_rule": [],
            "tags": null,
            "timeouts": null
          },
          "private": "eyJlMmJmYjczMC1lY2FhLTExZTYtOGY4OC0zNDM2M2JjN2M0YzAiOnsiY3JlYXRlIjoxODAwMDAwMDAwMDAwLCJkZWxldGUiOjE4MDAwMDAwMDAwMDAsInJlYWQiOjMwMDAwMDAwMDAwMCwidXBkYXRlIjoxODAwMDAwMDAwMDAwfX0=",
          "depends_on": [
            "azurerm_resource_group.main"
          ]
        }
      ]
    },
    {
      "mode": "managed",
      "type": "azurerm_network_security_group",
      "name": "ncus",
      "provider": "provider.azurerm",
      "instances": [
        {
          "schema_version": 0,
          "attributes": {
            "id": "/subscriptions/928dcbe5-e163-432f-9185-0550b1a94cf3/resourceGroups/ACE-WINLAB-DEV/providers/Microsoft.Network/networkSecurityGroups/DEFUALT-NSG-NCUS",
            "location": "northcentralus",
            "name": "DEFUALT-NSG-NCUS",
            "resource_group_name": "ACE-WINLAB-DEV",
            "security_rule": [],
            "tags": null,
            "timeouts": null
          },
          "private": "eyJlMmJmYjczMC1lY2FhLTExZTYtOGY4OC0zNDM2M2JjN2M0YzAiOnsiY3JlYXRlIjoxODAwMDAwMDAwMDAwLCJkZWxldGUiOjE4MDAwMDAwMDAwMDAsInJlYWQiOjMwMDAwMDAwMDAwMCwidXBkYXRlIjoxODAwMDAwMDAwMDAwfX0=",
          "depends_on": [
            "azurerm_resource_group.main"
          ]
        }
      ]
    },
    {
      "mode": "managed",
      "type": "azurerm_network_security_group",
      "name": "scus",
      "provider": "provider.azurerm",
      "instances": [
        {
          "schema_version": 0,
          "attributes": {
            "id": "/subscriptions/928dcbe5-e163-432f-9185-0550b1a94cf3/resourceGroups/ACE-WINLAB-DEV/providers/Microsoft.Network/networkSecurityGroups/DEFUALT-NSG-SCUS",
            "location": "southcentralus",
            "name": "DEFUALT-NSG-SCUS",
            "resource_group_name": "ACE-WINLAB-DEV",
            "security_rule": [],
            "tags": null,
            "timeouts": null
          },
          "private": "eyJlMmJmYjczMC1lY2FhLTExZTYtOGY4OC0zNDM2M2JjN2M0YzAiOnsiY3JlYXRlIjoxODAwMDAwMDAwMDAwLCJkZWxldGUiOjE4MDAwMDAwMDAwMDAsInJlYWQiOjMwMDAwMDAwMDAwMCwidXBkYXRlIjoxODAwMDAwMDAwMDAwfX0=",
          "depends_on": [
            "azurerm_resource_group.main"
          ]
        }
      ]
    },
    {
      "mode": "managed",
      "type": "azurerm_network_security_group",
      "name": "wus",
      "provider": "provider.azurerm",
      "instances": [
        {
          "schema_version": 0,
          "attributes": {
            "id": "/subscriptions/928dcbe5-e163-432f-9185-0550b1a94cf3/resourceGroups/ACE-WINLAB-DEV/providers/Microsoft.Network/networkSecurityGroups/DEFUALT-NSG-WUS",
            "location": "westus",
            "name": "DEFUALT-NSG-WUS",
            "resource_group_name": "ACE-WINLAB-DEV",
            "security_rule": [],
            "tags": null,
            "timeouts": null
          },
          "private": "eyJlMmJmYjczMC1lY2FhLTExZTYtOGY4OC0zNDM2M2JjN2M0YzAiOnsiY3JlYXRlIjoxODAwMDAwMDAwMDAwLCJkZWxldGUiOjE4MDAwMDAwMDAwMDAsInJlYWQiOjMwMDAwMDAwMDAwMCwidXBkYXRlIjoxODAwMDAwMDAwMDAwfX0=",
          "depends_on": [
            "azurerm_resource_group.main"
          ]
        }
      ]
    },
    {
      "mode": "managed",
      "type": "azurerm_network_security_rule",
      "name": "EUS_RDP",
      "provider": "provider.azurerm",
      "instances": [
        {
          "schema_version": 0,
          "attributes": {
            "access": "Allow",
            "description": "",
            "destination_address_prefix": "*",
            "destination_address_prefixes": null,
            "destination_application_security_group_ids": null,
            "destination_port_range": "3389",
            "destination_port_ranges": null,
            "direction": "Inbound",
            "id": "/subscriptions/928dcbe5-e163-432f-9185-0550b1a94cf3/resourceGroups/ACE-WINLAB-DEV/providers/Microsoft.Network/networkSecurityGroups/DEFUALT-NSG-EUS/securityRules/Allow RDP From Anywhere",
            "name": "Allow RDP From Anywhere",
            "network_security_group_name": "DEFUALT-NSG-EUS",
            "priority": 200,
            "protocol": "Tcp",
            "resource_group_name": "ACE-WINLAB-DEV",
            "source_address_prefix": "*",
            "source_address_prefixes": null,
            "source_application_security_group_ids": null,
            "source_port_range": "*",
            "source_port_ranges": null,
            "timeouts": null
          },
          "private": "eyJlMmJmYjczMC1lY2FhLTExZTYtOGY4OC0zNDM2M2JjN2M0YzAiOnsiY3JlYXRlIjoxODAwMDAwMDAwMDAwLCJkZWxldGUiOjE4MDAwMDAwMDAwMDAsInJlYWQiOjMwMDAwMDAwMDAwMCwidXBkYXRlIjoxODAwMDAwMDAwMDAwfX0=",
          "depends_on": [
            "azurerm_network_security_group.eus",
            "azurerm_resource_group.main"
          ]
        }
      ]
    },
    {
      "mode": "managed",
      "type": "azurerm_network_security_rule",
      "name": "NCUS_RDP",
      "provider": "provider.azurerm",
      "instances": [
        {
          "schema_version": 0,
          "attributes": {
            "access": "Allow",
            "description": "",
            "destination_address_prefix": "*",
            "destination_address_prefixes": null,
            "destination_application_security_group_ids": null,
            "destination_port_range": "3389",
            "destination_port_ranges": null,
            "direction": "Inbound",
            "id": "/subscriptions/928dcbe5-e163-432f-9185-0550b1a94cf3/resourceGroups/ACE-WINLAB-DEV/providers/Microsoft.Network/networkSecurityGroups/DEFUALT-NSG-NCUS/securityRules/Allow RDP From Anywhere",
            "name": "Allow RDP From Anywhere",
            "network_security_group_name": "DEFUALT-NSG-NCUS",
            "priority": 200,
            "protocol": "Tcp",
            "resource_group_name": "ACE-WINLAB-DEV",
            "source_address_prefix": "*",
            "source_address_prefixes": null,
            "source_application_security_group_ids": null,
            "source_port_range": "*",
            "source_port_ranges": null,
            "timeouts": null
          },
          "private": "eyJlMmJmYjczMC1lY2FhLTExZTYtOGY4OC0zNDM2M2JjN2M0YzAiOnsiY3JlYXRlIjoxODAwMDAwMDAwMDAwLCJkZWxldGUiOjE4MDAwMDAwMDAwMDAsInJlYWQiOjMwMDAwMDAwMDAwMCwidXBkYXRlIjoxODAwMDAwMDAwMDAwfX0=",
          "depends_on": [
            "azurerm_network_security_group.ncus",
            "azurerm_resource_group.main"
          ]
        }
      ]
    },
    {
      "mode": "managed",
      "type": "azurerm_network_security_rule",
      "name": "SCUS_RDP",
      "provider": "provider.azurerm",
      "instances": [
        {
          "schema_version": 0,
          "attributes": {
            "access": "Allow",
            "description": "",
            "destination_address_prefix": "*",
            "destination_address_prefixes": null,
            "destination_application_security_group_ids": null,
            "destination_port_range": "3389",
            "destination_port_ranges": null,
            "direction": "Inbound",
            "id": "/subscriptions/928dcbe5-e163-432f-9185-0550b1a94cf3/resourceGroups/ACE-WINLAB-DEV/providers/Microsoft.Network/networkSecurityGroups/DEFUALT-NSG-SCUS/securityRules/Allow RDP From Anywhere",
            "name": "Allow RDP From Anywhere",
            "network_security_group_name": "DEFUALT-NSG-SCUS",
            "priority": 200,
            "protocol": "Tcp",
            "resource_group_name": "ACE-WINLAB-DEV",
            "source_address_prefix": "*",
            "source_address_prefixes": null,
            "source_application_security_group_ids": null,
            "source_port_range": "*",
            "source_port_ranges": null,
            "timeouts": null
          },
          "private": "eyJlMmJmYjczMC1lY2FhLTExZTYtOGY4OC0zNDM2M2JjN2M0YzAiOnsiY3JlYXRlIjoxODAwMDAwMDAwMDAwLCJkZWxldGUiOjE4MDAwMDAwMDAwMDAsInJlYWQiOjMwMDAwMDAwMDAwMCwidXBkYXRlIjoxODAwMDAwMDAwMDAwfX0=",
          "depends_on": [
            "azurerm_network_security_group.scus",
            "azurerm_resource_group.main"
          ]
        }
      ]
    },
    {
      "mode": "managed",
      "type": "azurerm_network_security_rule",
      "name": "WUS_RDP",
      "provider": "provider.azurerm",
      "instances": [
        {
          "schema_version": 0,
          "attributes": {
            "access": "Allow",
            "description": "",
            "destination_address_prefix": "*",
            "destination_address_prefixes": null,
            "destination_application_security_group_ids": null,
            "destination_port_range": "3389",
            "destination_port_ranges": null,
            "direction": "Inbound",
            "id": "/subscriptions/928dcbe5-e163-432f-9185-0550b1a94cf3/resourceGroups/ACE-WINLAB-DEV/providers/Microsoft.Network/networkSecurityGroups/DEFUALT-NSG-WUS/securityRules/Allow RDP From Anywhere",
            "name": "Allow RDP From Anywhere",
            "network_security_group_name": "DEFUALT-NSG-WUS",
            "priority": 200,
            "protocol": "Tcp",
            "resource_group_name": "ACE-WINLAB-DEV",
            "source_address_prefix": "*",
            "source_address_prefixes": null,
            "source_application_security_group_ids": null,
            "source_port_range": "*",
            "source_port_ranges": null,
            "timeouts": null
          },
          "private": "eyJlMmJmYjczMC1lY2FhLTExZTYtOGY4OC0zNDM2M2JjN2M0YzAiOnsiY3JlYXRlIjoxODAwMDAwMDAwMDAwLCJkZWxldGUiOjE4MDAwMDAwMDAwMDAsInJlYWQiOjMwMDAwMDAwMDAwMCwidXBkYXRlIjoxODAwMDAwMDAwMDAwfX0=",
          "depends_on": [
            "azurerm_network_security_group.wus",
            "azurerm_resource_group.main"
          ]
        }
      ]
    },
    {
      "mode": "managed",
      "type": "azurerm_public_ip",
      "name": "eus",
      "each": "list",
      "provider": "provider.azurerm",
      "instances": [
        {
          "index_key": 0,
          "schema_version": 0,
          "attributes": {
            "allocation_method": "Static",
            "domain_name_label": null,
            "fqdn": null,
            "id": "/subscriptions/928dcbe5-e163-432f-9185-0550b1a94cf3/resourceGroups/ACE-WINLAB-DEV/providers/Microsoft.Network/publicIPAddresses/VM-PIP-EUS-0",
            "idle_timeout_in_minutes": 4,
            "ip_address": "40.85.180.212",
            "ip_version": "IPv4",
            "location": "eastus",
            "name": "VM-PIP-EUS-0",
            "public_ip_prefix_id": null,
            "resource_group_name": "ACE-WINLAB-DEV",
            "reverse_fqdn": null,
            "sku": "Basic",
            "tags": null,
            "timeouts": null,
            "zones": null
          },
          "private": "eyJlMmJmYjczMC1lY2FhLTExZTYtOGY4OC0zNDM2M2JjN2M0YzAiOnsiY3JlYXRlIjoxODAwMDAwMDAwMDAwLCJkZWxldGUiOjE4MDAwMDAwMDAwMDAsInJlYWQiOjMwMDAwMDAwMDAwMCwidXBkYXRlIjoxODAwMDAwMDAwMDAwfX0=",
          "depends_on": [
            "azurerm_resource_group.main",
            "azurerm_virtual_network.eus"
          ]
        },
        {
          "index_key": 1,
          "schema_version": 0,
          "attributes": {
            "allocation_method": "Static",
            "domain_name_label": null,
            "fqdn": null,
            "id": "/subscriptions/928dcbe5-e163-432f-9185-0550b1a94cf3/resourceGroups/ACE-WINLAB-DEV/providers/Microsoft.Network/publicIPAddresses/VM-PIP-EUS-1",
            "idle_timeout_in_minutes": 4,
            "ip_address": "104.41.130.189",
            "ip_version": "IPv4",
            "location": "eastus",
            "name": "VM-PIP-EUS-1",
            "public_ip_prefix_id": null,
            "resource_group_name": "ACE-WINLAB-DEV",
            "reverse_fqdn": null,
            "sku": "Basic",
            "tags": null,
            "timeouts": null,
            "zones": null
          },
          "private": "eyJlMmJmYjczMC1lY2FhLTExZTYtOGY4OC0zNDM2M2JjN2M0YzAiOnsiY3JlYXRlIjoxODAwMDAwMDAwMDAwLCJkZWxldGUiOjE4MDAwMDAwMDAwMDAsInJlYWQiOjMwMDAwMDAwMDAwMCwidXBkYXRlIjoxODAwMDAwMDAwMDAwfX0=",
          "depends_on": [
            "azurerm_resource_group.main",
            "azurerm_virtual_network.eus"
          ]
        },
        {
          "index_key": 2,
          "schema_version": 0,
          "attributes": {
            "allocation_method": "Static",
            "domain_name_label": null,
            "fqdn": null,
            "id": "/subscriptions/928dcbe5-e163-432f-9185-0550b1a94cf3/resourceGroups/ACE-WINLAB-DEV/providers/Microsoft.Network/publicIPAddresses/VM-PIP-EUS-2",
            "idle_timeout_in_minutes": 4,
            "ip_address": "40.85.180.226",
            "ip_version": "IPv4",
            "location": "eastus",
            "name": "VM-PIP-EUS-2",
            "public_ip_prefix_id": null,
            "resource_group_name": "ACE-WINLAB-DEV",
            "reverse_fqdn": null,
            "sku": "Basic",
            "tags": null,
            "timeouts": null,
            "zones": null
          },
          "private": "eyJlMmJmYjczMC1lY2FhLTExZTYtOGY4OC0zNDM2M2JjN2M0YzAiOnsiY3JlYXRlIjoxODAwMDAwMDAwMDAwLCJkZWxldGUiOjE4MDAwMDAwMDAwMDAsInJlYWQiOjMwMDAwMDAwMDAwMCwidXBkYXRlIjoxODAwMDAwMDAwMDAwfX0=",
          "depends_on": [
            "azurerm_resource_group.main",
            "azurerm_virtual_network.eus"
          ]
        },
        {
          "index_key": 3,
          "schema_version": 0,
          "attributes": {
            "allocation_method": "Static",
            "domain_name_label": null,
            "fqdn": null,
            "id": "/subscriptions/928dcbe5-e163-432f-9185-0550b1a94cf3/resourceGroups/ACE-WINLAB-DEV/providers/Microsoft.Network/publicIPAddresses/VM-PIP-EUS-3",
            "idle_timeout_in_minutes": 4,
            "ip_address": "40.85.181.14",
            "ip_version": "IPv4",
            "location": "eastus",
            "name": "VM-PIP-EUS-3",
            "public_ip_prefix_id": null,
            "resource_group_name": "ACE-WINLAB-DEV",
            "reverse_fqdn": null,
            "sku": "Basic",
            "tags": null,
            "timeouts": null,
            "zones": null
          },
          "private": "eyJlMmJmYjczMC1lY2FhLTExZTYtOGY4OC0zNDM2M2JjN2M0YzAiOnsiY3JlYXRlIjoxODAwMDAwMDAwMDAwLCJkZWxldGUiOjE4MDAwMDAwMDAwMDAsInJlYWQiOjMwMDAwMDAwMDAwMCwidXBkYXRlIjoxODAwMDAwMDAwMDAwfX0=",
          "depends_on": [
            "azurerm_resource_group.main",
            "azurerm_virtual_network.eus"
          ]
        },
        {
          "index_key": 4,
          "schema_version": 0,
          "attributes": {
            "allocation_method": "Static",
            "domain_name_label": null,
            "fqdn": null,
            "id": "/subscriptions/928dcbe5-e163-432f-9185-0550b1a94cf3/resourceGroups/ACE-WINLAB-DEV/providers/Microsoft.Network/publicIPAddresses/VM-PIP-EUS-4",
            "idle_timeout_in_minutes": 4,
            "ip_address": "40.85.181.53",
            "ip_version": "IPv4",
            "location": "eastus",
            "name": "VM-PIP-EUS-4",
            "public_ip_prefix_id": null,
            "resource_group_name": "ACE-WINLAB-DEV",
            "reverse_fqdn": null,
            "sku": "Basic",
            "tags": null,
            "timeouts": null,
            "zones": null
          },
          "private": "eyJlMmJmYjczMC1lY2FhLTExZTYtOGY4OC0zNDM2M2JjN2M0YzAiOnsiY3JlYXRlIjoxODAwMDAwMDAwMDAwLCJkZWxldGUiOjE4MDAwMDAwMDAwMDAsInJlYWQiOjMwMDAwMDAwMDAwMCwidXBkYXRlIjoxODAwMDAwMDAwMDAwfX0=",
          "depends_on": [
            "azurerm_resource_group.main",
            "azurerm_virtual_network.eus"
          ]
        }
      ]
    },
    {
      "mode": "managed",
      "type": "azurerm_public_ip",
      "name": "ncus",
      "each": "list",
      "provider": "provider.azurerm",
      "instances": [
        {
          "index_key": 0,
          "schema_version": 0,
          "attributes": {
            "allocation_method": "Static",
            "domain_name_label": null,
            "fqdn": null,
            "id": "/subscriptions/928dcbe5-e163-432f-9185-0550b1a94cf3/resourceGroups/ACE-WINLAB-DEV/providers/Microsoft.Network/publicIPAddresses/VM-PIP-NCUS-0",
            "idle_timeout_in_minutes": 4,
            "ip_address": "23.96.210.74",
            "ip_version": "IPv4",
            "location": "northcentralus",
            "name": "VM-PIP-NCUS-0",
            "public_ip_prefix_id": null,
            "resource_group_name": "ACE-WINLAB-DEV",
            "reverse_fqdn": null,
            "sku": "Basic",
            "tags": null,
            "timeouts": null,
            "zones": null
          },
          "private": "eyJlMmJmYjczMC1lY2FhLTExZTYtOGY4OC0zNDM2M2JjN2M0YzAiOnsiY3JlYXRlIjoxODAwMDAwMDAwMDAwLCJkZWxldGUiOjE4MDAwMDAwMDAwMDAsInJlYWQiOjMwMDAwMDAwMDAwMCwidXBkYXRlIjoxODAwMDAwMDAwMDAwfX0=",
          "depends_on": [
            "azurerm_resource_group.main",
            "azurerm_virtual_network.ncus"
          ]
        },
        {
          "index_key": 1,
          "schema_version": 0,
          "attributes": {
            "allocation_method": "Static",
            "domain_name_label": null,
            "fqdn": null,
            "id": "/subscriptions/928dcbe5-e163-432f-9185-0550b1a94cf3/resourceGroups/ACE-WINLAB-DEV/providers/Microsoft.Network/publicIPAddresses/VM-PIP-NCUS-1",
            "idle_timeout_in_minutes": 4,
            "ip_address": "65.52.54.147",
            "ip_version": "IPv4",
            "location": "northcentralus",
            "name": "VM-PIP-NCUS-1",
            "public_ip_prefix_id": null,
            "resource_group_name": "ACE-WINLAB-DEV",
            "reverse_fqdn": null,
            "sku": "Basic",
            "tags": null,
            "timeouts": null,
            "zones": null
          },
          "private": "eyJlMmJmYjczMC1lY2FhLTExZTYtOGY4OC0zNDM2M2JjN2M0YzAiOnsiY3JlYXRlIjoxODAwMDAwMDAwMDAwLCJkZWxldGUiOjE4MDAwMDAwMDAwMDAsInJlYWQiOjMwMDAwMDAwMDAwMCwidXBkYXRlIjoxODAwMDAwMDAwMDAwfX0=",
          "depends_on": [
            "azurerm_resource_group.main",
            "azurerm_virtual_network.ncus"
          ]
        },
        {
          "index_key": 2,
          "schema_version": 0,
          "attributes": {
            "allocation_method": "Static",
            "domain_name_label": null,
            "fqdn": null,
            "id": "/subscriptions/928dcbe5-e163-432f-9185-0550b1a94cf3/resourceGroups/ACE-WINLAB-DEV/providers/Microsoft.Network/publicIPAddresses/VM-PIP-NCUS-2",
            "idle_timeout_in_minutes": 4,
            "ip_address": "23.96.214.16",
            "ip_version": "IPv4",
            "location": "northcentralus",
            "name": "VM-PIP-NCUS-2",
            "public_ip_prefix_id": null,
            "resource_group_name": "ACE-WINLAB-DEV",
            "reverse_fqdn": null,
            "sku": "Basic",
            "tags": null,
            "timeouts": null,
            "zones": null
          },
          "private": "eyJlMmJmYjczMC1lY2FhLTExZTYtOGY4OC0zNDM2M2JjN2M0YzAiOnsiY3JlYXRlIjoxODAwMDAwMDAwMDAwLCJkZWxldGUiOjE4MDAwMDAwMDAwMDAsInJlYWQiOjMwMDAwMDAwMDAwMCwidXBkYXRlIjoxODAwMDAwMDAwMDAwfX0=",
          "depends_on": [
            "azurerm_resource_group.main",
            "azurerm_virtual_network.ncus"
          ]
        },
        {
          "index_key": 3,
          "schema_version": 0,
          "attributes": {
            "allocation_method": "Static",
            "domain_name_label": null,
            "fqdn": null,
            "id": "/subscriptions/928dcbe5-e163-432f-9185-0550b1a94cf3/resourceGroups/ACE-WINLAB-DEV/providers/Microsoft.Network/publicIPAddresses/VM-PIP-NCUS-3",
            "idle_timeout_in_minutes": 4,
            "ip_address": "23.96.210.47",
            "ip_version": "IPv4",
            "location": "northcentralus",
            "name": "VM-PIP-NCUS-3",
            "public_ip_prefix_id": null,
            "resource_group_name": "ACE-WINLAB-DEV",
            "reverse_fqdn": null,
            "sku": "Basic",
            "tags": null,
            "timeouts": null,
            "zones": null
          },
          "private": "eyJlMmJmYjczMC1lY2FhLTExZTYtOGY4OC0zNDM2M2JjN2M0YzAiOnsiY3JlYXRlIjoxODAwMDAwMDAwMDAwLCJkZWxldGUiOjE4MDAwMDAwMDAwMDAsInJlYWQiOjMwMDAwMDAwMDAwMCwidXBkYXRlIjoxODAwMDAwMDAwMDAwfX0=",
          "depends_on": [
            "azurerm_resource_group.main",
            "azurerm_virtual_network.ncus"
          ]
        },
        {
          "index_key": 4,
          "schema_version": 0,
          "attributes": {
            "allocation_method": "Static",
            "domain_name_label": null,
            "fqdn": null,
            "id": "/subscriptions/928dcbe5-e163-432f-9185-0550b1a94cf3/resourceGroups/ACE-WINLAB-DEV/providers/Microsoft.Network/publicIPAddresses/VM-PIP-NCUS-4",
            "idle_timeout_in_minutes": 4,
            "ip_address": "23.96.211.152",
            "ip_version": "IPv4",
            "location": "northcentralus",
            "name": "VM-PIP-NCUS-4",
            "public_ip_prefix_id": null,
            "resource_group_name": "ACE-WINLAB-DEV",
            "reverse_fqdn": null,
            "sku": "Basic",
            "tags": null,
            "timeouts": null,
            "zones": null
          },
          "private": "eyJlMmJmYjczMC1lY2FhLTExZTYtOGY4OC0zNDM2M2JjN2M0YzAiOnsiY3JlYXRlIjoxODAwMDAwMDAwMDAwLCJkZWxldGUiOjE4MDAwMDAwMDAwMDAsInJlYWQiOjMwMDAwMDAwMDAwMCwidXBkYXRlIjoxODAwMDAwMDAwMDAwfX0=",
          "depends_on": [
            "azurerm_resource_group.main",
            "azurerm_virtual_network.ncus"
          ]
        }
      ]
    },
    {
      "mode": "managed",
      "type": "azurerm_public_ip",
      "name": "scus",
      "each": "list",
      "provider": "provider.azurerm",
      "instances": [
        {
          "index_key": 0,
          "schema_version": 0,
          "attributes": {
            "allocation_method": "Static",
            "domain_name_label": null,
            "fqdn": null,
            "id": "/subscriptions/928dcbe5-e163-432f-9185-0550b1a94cf3/resourceGroups/ACE-WINLAB-DEV/providers/Microsoft.Network/publicIPAddresses/VM-PIP-SCUS-0",
            "idle_timeout_in_minutes": 4,
            "ip_address": "40.124.49.230",
            "ip_version": "IPv4",
            "location": "southcentralus",
            "name": "VM-PIP-SCUS-0",
            "public_ip_prefix_id": null,
            "resource_group_name": "ACE-WINLAB-DEV",
            "reverse_fqdn": null,
            "sku": "Basic",
            "tags": null,
            "timeouts": null,
            "zones": null
          },
          "private": "eyJlMmJmYjczMC1lY2FhLTExZTYtOGY4OC0zNDM2M2JjN2M0YzAiOnsiY3JlYXRlIjoxODAwMDAwMDAwMDAwLCJkZWxldGUiOjE4MDAwMDAwMDAwMDAsInJlYWQiOjMwMDAwMDAwMDAwMCwidXBkYXRlIjoxODAwMDAwMDAwMDAwfX0=",
          "depends_on": [
            "azurerm_resource_group.main",
            "azurerm_virtual_network.scus"
          ]
        },
        {
          "index_key": 1,
          "schema_version": 0,
          "attributes": {
            "allocation_method": "Static",
            "domain_name_label": null,
            "fqdn": null,
            "id": "/subscriptions/928dcbe5-e163-432f-9185-0550b1a94cf3/resourceGroups/ACE-WINLAB-DEV/providers/Microsoft.Network/publicIPAddresses/VM-PIP-SCUS-1",
            "idle_timeout_in_minutes": 4,
            "ip_address": "40.124.49.252",
            "ip_version": "IPv4",
            "location": "southcentralus",
            "name": "VM-PIP-SCUS-1",
            "public_ip_prefix_id": null,
            "resource_group_name": "ACE-WINLAB-DEV",
            "reverse_fqdn": null,
            "sku": "Basic",
            "tags": null,
            "timeouts": null,
            "zones": null
          },
          "private": "eyJlMmJmYjczMC1lY2FhLTExZTYtOGY4OC0zNDM2M2JjN2M0YzAiOnsiY3JlYXRlIjoxODAwMDAwMDAwMDAwLCJkZWxldGUiOjE4MDAwMDAwMDAwMDAsInJlYWQiOjMwMDAwMDAwMDAwMCwidXBkYXRlIjoxODAwMDAwMDAwMDAwfX0=",
          "depends_on": [
            "azurerm_resource_group.main",
            "azurerm_virtual_network.scus"
          ]
        },
        {
          "index_key": 2,
          "schema_version": 0,
          "attributes": {
            "allocation_method": "Static",
            "domain_name_label": null,
            "fqdn": null,
            "id": "/subscriptions/928dcbe5-e163-432f-9185-0550b1a94cf3/resourceGroups/ACE-WINLAB-DEV/providers/Microsoft.Network/publicIPAddresses/VM-PIP-SCUS-2",
            "idle_timeout_in_minutes": 4,
            "ip_address": "40.124.48.91",
            "ip_version": "IPv4",
            "location": "southcentralus",
            "name": "VM-PIP-SCUS-2",
            "public_ip_prefix_id": null,
            "resource_group_name": "ACE-WINLAB-DEV",
            "reverse_fqdn": null,
            "sku": "Basic",
            "tags": null,
            "timeouts": null,
            "zones": null
          },
          "private": "eyJlMmJmYjczMC1lY2FhLTExZTYtOGY4OC0zNDM2M2JjN2M0YzAiOnsiY3JlYXRlIjoxODAwMDAwMDAwMDAwLCJkZWxldGUiOjE4MDAwMDAwMDAwMDAsInJlYWQiOjMwMDAwMDAwMDAwMCwidXBkYXRlIjoxODAwMDAwMDAwMDAwfX0=",
          "depends_on": [
            "azurerm_resource_group.main",
            "azurerm_virtual_network.scus"
          ]
        },
        {
          "index_key": 3,
          "schema_version": 0,
          "attributes": {
            "allocation_method": "Static",
            "domain_name_label": null,
            "fqdn": null,
            "id": "/subscriptions/928dcbe5-e163-432f-9185-0550b1a94cf3/resourceGroups/ACE-WINLAB-DEV/providers/Microsoft.Network/publicIPAddresses/VM-PIP-SCUS-3",
            "idle_timeout_in_minutes": 4,
            "ip_address": "40.124.49.247",
            "ip_version": "IPv4",
            "location": "southcentralus",
            "name": "VM-PIP-SCUS-3",
            "public_ip_prefix_id": null,
            "resource_group_name": "ACE-WINLAB-DEV",
            "reverse_fqdn": null,
            "sku": "Basic",
            "tags": null,
            "timeouts": null,
            "zones": null
          },
          "private": "eyJlMmJmYjczMC1lY2FhLTExZTYtOGY4OC0zNDM2M2JjN2M0YzAiOnsiY3JlYXRlIjoxODAwMDAwMDAwMDAwLCJkZWxldGUiOjE4MDAwMDAwMDAwMDAsInJlYWQiOjMwMDAwMDAwMDAwMCwidXBkYXRlIjoxODAwMDAwMDAwMDAwfX0=",
          "depends_on": [
            "azurerm_resource_group.main",
            "azurerm_virtual_network.scus"
          ]
        }
      ]
    },
    {
      "mode": "managed",
      "type": "azurerm_public_ip",
      "name": "wus",
      "each": "list",
      "provider": "provider.azurerm",
      "instances": [
        {
          "index_key": 0,
          "schema_version": 0,
          "attributes": {
            "allocation_method": "Static",
            "domain_name_label": null,
            "fqdn": null,
            "id": "/subscriptions/928dcbe5-e163-432f-9185-0550b1a94cf3/resourceGroups/ACE-WINLAB-DEV/providers/Microsoft.Network/publicIPAddresses/VM-PIP-WUS-0",
            "idle_timeout_in_minutes": 4,
            "ip_address": "104.40.70.197",
            "ip_version": "IPv4",
            "location": "westus",
            "name": "VM-PIP-WUS-0",
            "public_ip_prefix_id": null,
            "resource_group_name": "ACE-WINLAB-DEV",
            "reverse_fqdn": null,
            "sku": "Basic",
            "tags": null,
            "timeouts": null,
            "zones": null
          },
          "private": "eyJlMmJmYjczMC1lY2FhLTExZTYtOGY4OC0zNDM2M2JjN2M0YzAiOnsiY3JlYXRlIjoxODAwMDAwMDAwMDAwLCJkZWxldGUiOjE4MDAwMDAwMDAwMDAsInJlYWQiOjMwMDAwMDAwMDAwMCwidXBkYXRlIjoxODAwMDAwMDAwMDAwfX0=",
          "depends_on": [
            "azurerm_resource_group.main",
            "azurerm_virtual_network.wus"
          ]
        },
        {
          "index_key": 1,
          "schema_version": 0,
          "attributes": {
            "allocation_method": "Static",
            "domain_name_label": null,
            "fqdn": null,
            "id": "/subscriptions/928dcbe5-e163-432f-9185-0550b1a94cf3/resourceGroups/ACE-WINLAB-DEV/providers/Microsoft.Network/publicIPAddresses/VM-PIP-WUS-1",
            "idle_timeout_in_minutes": 4,
            "ip_address": "104.40.77.39",
            "ip_version": "IPv4",
            "location": "westus",
            "name": "VM-PIP-WUS-1",
            "public_ip_prefix_id": null,
            "resource_group_name": "ACE-WINLAB-DEV",
            "reverse_fqdn": null,
            "sku": "Basic",
            "tags": null,
            "timeouts": null,
            "zones": null
          },
          "private": "eyJlMmJmYjczMC1lY2FhLTExZTYtOGY4OC0zNDM2M2JjN2M0YzAiOnsiY3JlYXRlIjoxODAwMDAwMDAwMDAwLCJkZWxldGUiOjE4MDAwMDAwMDAwMDAsInJlYWQiOjMwMDAwMDAwMDAwMCwidXBkYXRlIjoxODAwMDAwMDAwMDAwfX0=",
          "depends_on": [
            "azurerm_resource_group.main",
            "azurerm_virtual_network.wus"
          ]
        },
        {
          "index_key": 2,
          "schema_version": 0,
          "attributes": {
            "allocation_method": "Static",
            "domain_name_label": null,
            "fqdn": null,
            "id": "/subscriptions/928dcbe5-e163-432f-9185-0550b1a94cf3/resourceGroups/ACE-WINLAB-DEV/providers/Microsoft.Network/publicIPAddresses/VM-PIP-WUS-2",
            "idle_timeout_in_minutes": 4,
            "ip_address": "104.40.79.51",
            "ip_version": "IPv4",
            "location": "westus",
            "name": "VM-PIP-WUS-2",
            "public_ip_prefix_id": null,
            "resource_group_name": "ACE-WINLAB-DEV",
            "reverse_fqdn": null,
            "sku": "Basic",
            "tags": null,
            "timeouts": null,
            "zones": null
          },
          "private": "eyJlMmJmYjczMC1lY2FhLTExZTYtOGY4OC0zNDM2M2JjN2M0YzAiOnsiY3JlYXRlIjoxODAwMDAwMDAwMDAwLCJkZWxldGUiOjE4MDAwMDAwMDAwMDAsInJlYWQiOjMwMDAwMDAwMDAwMCwidXBkYXRlIjoxODAwMDAwMDAwMDAwfX0=",
          "depends_on": [
            "azurerm_resource_group.main",
            "azurerm_virtual_network.wus"
          ]
        },
        {
          "index_key": 3,
          "schema_version": 0,
          "attributes": {
            "allocation_method": "Static",
            "domain_name_label": null,
            "fqdn": null,
            "id": "/subscriptions/928dcbe5-e163-432f-9185-0550b1a94cf3/resourceGroups/ACE-WINLAB-DEV/providers/Microsoft.Network/publicIPAddresses/VM-PIP-WUS-3",
            "idle_timeout_in_minutes": 4,
            "ip_address": "23.99.65.21",
            "ip_version": "IPv4",
            "location": "westus",
            "name": "VM-PIP-WUS-3",
            "public_ip_prefix_id": null,
            "resource_group_name": "ACE-WINLAB-DEV",
            "reverse_fqdn": null,
            "sku": "Basic",
            "tags": null,
            "timeouts": null,
            "zones": null
          },
          "private": "eyJlMmJmYjczMC1lY2FhLTExZTYtOGY4OC0zNDM2M2JjN2M0YzAiOnsiY3JlYXRlIjoxODAwMDAwMDAwMDAwLCJkZWxldGUiOjE4MDAwMDAwMDAwMDAsInJlYWQiOjMwMDAwMDAwMDAwMCwidXBkYXRlIjoxODAwMDAwMDAwMDAwfX0=",
          "depends_on": [
            "azurerm_resource_group.main",
            "azurerm_virtual_network.wus"
          ]
        },
        {
          "index_key": 4,
          "schema_version": 0,
          "attributes": {
            "allocation_method": "Static",
            "domain_name_label": null,
            "fqdn": null,
            "id": "/subscriptions/928dcbe5-e163-432f-9185-0550b1a94cf3/resourceGroups/ACE-WINLAB-DEV/providers/Microsoft.Network/publicIPAddresses/VM-PIP-WUS-4",
            "idle_timeout_in_minutes": 4,
            "ip_address": "104.40.69.116",
            "ip_version": "IPv4",
            "location": "westus",
            "name": "VM-PIP-WUS-4",
            "public_ip_prefix_id": null,
            "resource_group_name": "ACE-WINLAB-DEV",
            "reverse_fqdn": null,
            "sku": "Basic",
            "tags": null,
            "timeouts": null,
            "zones": null
          },
          "private": "eyJlMmJmYjczMC1lY2FhLTExZTYtOGY4OC0zNDM2M2JjN2M0YzAiOnsiY3JlYXRlIjoxODAwMDAwMDAwMDAwLCJkZWxldGUiOjE4MDAwMDAwMDAwMDAsInJlYWQiOjMwMDAwMDAwMDAwMCwidXBkYXRlIjoxODAwMDAwMDAwMDAwfX0=",
          "depends_on": [
            "azurerm_resource_group.main",
            "azurerm_virtual_network.wus"
          ]
        }
      ]
    },
    {
      "mode": "managed",
      "type": "azurerm_resource_group",
      "name": "main",
      "provider": "provider.azurerm",
      "instances": [
        {
          "schema_version": 0,
          "attributes": {
            "id": "/subscriptions/928dcbe5-e163-432f-9185-0550b1a94cf3/resourceGroups/ACE-WINLAB-DEV",
            "location": "northcentralus",
            "name": "ACE-WINLAB-DEV",
            "tags": null,
            "timeouts": null
          },
          "private": "eyJlMmJmYjczMC1lY2FhLTExZTYtOGY4OC0zNDM2M2JjN2M0YzAiOnsiY3JlYXRlIjo1NDAwMDAwMDAwMDAwLCJkZWxldGUiOjU0MDAwMDAwMDAwMDAsInJlYWQiOjMwMDAwMDAwMDAwMCwidXBkYXRlIjo1NDAwMDAwMDAwMDAwfX0="
        }
      ]
    },
    {
      "mode": "managed",
      "type": "azurerm_subnet",
      "name": "eus",
      "provider": "provider.azurerm",
      "instances": [
        {
          "schema_version": 0,
          "attributes": {
            "address_prefix": "192.168.2.0/28",
            "delegation": [],
            "enforce_private_link_endpoint_network_policies": false,
            "enforce_private_link_service_network_policies": false,
            "id": "/subscriptions/928dcbe5-e163-432f-9185-0550b1a94cf3/resourceGroups/ACE-WINLAB-DEV/providers/Microsoft.Network/virtualNetworks/ACE-WINLAB-VNET2/subnets/ACE-VM-SUBNET2",
            "name": "ACE-VM-SUBNET2",
            "resource_group_name": "ACE-WINLAB-DEV",
            "service_endpoints": null,
            "timeouts": null,
            "virtual_network_name": "ACE-WINLAB-VNET2"
          },
          "private": "eyJlMmJmYjczMC1lY2FhLTExZTYtOGY4OC0zNDM2M2JjN2M0YzAiOnsiY3JlYXRlIjoxODAwMDAwMDAwMDAwLCJkZWxldGUiOjE4MDAwMDAwMDAwMDAsInJlYWQiOjMwMDAwMDAwMDAwMCwidXBkYXRlIjoxODAwMDAwMDAwMDAwfX0=",
          "depends_on": [
            "azurerm_resource_group.main",
            "azurerm_virtual_network.eus"
          ]
        }
      ]
    },
    {
      "mode": "managed",
      "type": "azurerm_subnet",
      "name": "ncus",
      "provider": "provider.azurerm",
      "instances": [
        {
          "schema_version": 0,
          "attributes": {
            "address_prefix": "192.168.1.0/28",
            "delegation": [],
            "enforce_private_link_endpoint_network_policies": false,
            "enforce_private_link_service_network_policies": false,
            "id": "/subscriptions/928dcbe5-e163-432f-9185-0550b1a94cf3/resourceGroups/ACE-WINLAB-DEV/providers/Microsoft.Network/virtualNetworks/ACE-WINLAB-VNET1/subnets/ACE-VM-SUBNET1",
            "name": "ACE-VM-SUBNET1",
            "resource_group_name": "ACE-WINLAB-DEV",
            "service_endpoints": null,
            "timeouts": null,
            "virtual_network_name": "ACE-WINLAB-VNET1"
          },
          "private": "eyJlMmJmYjczMC1lY2FhLTExZTYtOGY4OC0zNDM2M2JjN2M0YzAiOnsiY3JlYXRlIjoxODAwMDAwMDAwMDAwLCJkZWxldGUiOjE4MDAwMDAwMDAwMDAsInJlYWQiOjMwMDAwMDAwMDAwMCwidXBkYXRlIjoxODAwMDAwMDAwMDAwfX0=",
          "depends_on": [
            "azurerm_resource_group.main",
            "azurerm_virtual_network.ncus"
          ]
        }
      ]
    },
    {
      "mode": "managed",
      "type": "azurerm_subnet",
      "name": "scus",
      "provider": "provider.azurerm",
      "instances": [
        {
          "schema_version": 0,
          "attributes": {
            "address_prefix": "192.168.4.0/28",
            "delegation": [],
            "enforce_private_link_endpoint_network_policies": false,
            "enforce_private_link_service_network_policies": false,
            "id": "/subscriptions/928dcbe5-e163-432f-9185-0550b1a94cf3/resourceGroups/ACE-WINLAB-DEV/providers/Microsoft.Network/virtualNetworks/ACE-WINLAB-VNET4/subnets/ACE-VM-SUBNET4",
            "name": "ACE-VM-SUBNET4",
            "resource_group_name": "ACE-WINLAB-DEV",
            "service_endpoints": null,
            "timeouts": null,
            "virtual_network_name": "ACE-WINLAB-VNET4"
          },
          "private": "eyJlMmJmYjczMC1lY2FhLTExZTYtOGY4OC0zNDM2M2JjN2M0YzAiOnsiY3JlYXRlIjoxODAwMDAwMDAwMDAwLCJkZWxldGUiOjE4MDAwMDAwMDAwMDAsInJlYWQiOjMwMDAwMDAwMDAwMCwidXBkYXRlIjoxODAwMDAwMDAwMDAwfX0=",
          "depends_on": [
            "azurerm_resource_group.main",
            "azurerm_virtual_network.scus"
          ]
        }
      ]
    },
    {
      "mode": "managed",
      "type": "azurerm_subnet",
      "name": "wus",
      "provider": "provider.azurerm",
      "instances": [
        {
          "schema_version": 0,
          "attributes": {
            "address_prefix": "192.168.3.0/28",
            "delegation": [],
            "enforce_private_link_endpoint_network_policies": false,
            "enforce_private_link_service_network_policies": false,
            "id": "/subscriptions/928dcbe5-e163-432f-9185-0550b1a94cf3/resourceGroups/ACE-WINLAB-DEV/providers/Microsoft.Network/virtualNetworks/ACE-WINLAB-VNET3/subnets/ACE-VM-SUBNET3",
            "name": "ACE-VM-SUBNET3",
            "resource_group_name": "ACE-WINLAB-DEV",
            "service_endpoints": null,
            "timeouts": null,
            "virtual_network_name": "ACE-WINLAB-VNET3"
          },
          "private": "eyJlMmJmYjczMC1lY2FhLTExZTYtOGY4OC0zNDM2M2JjN2M0YzAiOnsiY3JlYXRlIjoxODAwMDAwMDAwMDAwLCJkZWxldGUiOjE4MDAwMDAwMDAwMDAsInJlYWQiOjMwMDAwMDAwMDAwMCwidXBkYXRlIjoxODAwMDAwMDAwMDAwfX0=",
          "depends_on": [
            "azurerm_resource_group.main",
            "azurerm_virtual_network.wus"
          ]
        }
      ]
    },
    {
      "mode": "managed",
      "type": "azurerm_subnet_network_security_group_association",
      "name": "eus",
      "provider": "provider.azurerm",
      "instances": [
        {
          "schema_version": 0,
          "attributes": {
            "id": "/subscriptions/928dcbe5-e163-432f-9185-0550b1a94cf3/resourceGroups/ACE-WINLAB-DEV/providers/Microsoft.Network/virtualNetworks/ACE-WINLAB-VNET2/subnets/ACE-VM-SUBNET2",
            "network_security_group_id": "/subscriptions/928dcbe5-e163-432f-9185-0550b1a94cf3/resourceGroups/ACE-WINLAB-DEV/providers/Microsoft.Network/networkSecurityGroups/DEFUALT-NSG-EUS",
            "subnet_id": "/subscriptions/928dcbe5-e163-432f-9185-0550b1a94cf3/resourceGroups/ACE-WINLAB-DEV/providers/Microsoft.Network/virtualNetworks/ACE-WINLAB-VNET2/subnets/ACE-VM-SUBNET2",
            "timeouts": null
          },
          "private": "eyJlMmJmYjczMC1lY2FhLTExZTYtOGY4OC0zNDM2M2JjN2M0YzAiOnsiY3JlYXRlIjoxODAwMDAwMDAwMDAwLCJkZWxldGUiOjE4MDAwMDAwMDAwMDAsInJlYWQiOjMwMDAwMDAwMDAwMCwidXBkYXRlIjoxODAwMDAwMDAwMDAwfX0=",
          "depends_on": [
            "azurerm_network_security_group.eus",
            "azurerm_subnet.eus"
          ]
        }
      ]
    },
    {
      "mode": "managed",
      "type": "azurerm_subnet_network_security_group_association",
      "name": "ncus",
      "provider": "provider.azurerm",
      "instances": [
        {
          "schema_version": 0,
          "attributes": {
            "id": "/subscriptions/928dcbe5-e163-432f-9185-0550b1a94cf3/resourceGroups/ACE-WINLAB-DEV/providers/Microsoft.Network/virtualNetworks/ACE-WINLAB-VNET1/subnets/ACE-VM-SUBNET1",
            "network_security_group_id": "/subscriptions/928dcbe5-e163-432f-9185-0550b1a94cf3/resourceGroups/ACE-WINLAB-DEV/providers/Microsoft.Network/networkSecurityGroups/DEFUALT-NSG-NCUS",
            "subnet_id": "/subscriptions/928dcbe5-e163-432f-9185-0550b1a94cf3/resourceGroups/ACE-WINLAB-DEV/providers/Microsoft.Network/virtualNetworks/ACE-WINLAB-VNET1/subnets/ACE-VM-SUBNET1",
            "timeouts": null
          },
          "private": "eyJlMmJmYjczMC1lY2FhLTExZTYtOGY4OC0zNDM2M2JjN2M0YzAiOnsiY3JlYXRlIjoxODAwMDAwMDAwMDAwLCJkZWxldGUiOjE4MDAwMDAwMDAwMDAsInJlYWQiOjMwMDAwMDAwMDAwMCwidXBkYXRlIjoxODAwMDAwMDAwMDAwfX0=",
          "depends_on": [
            "azurerm_network_security_group.ncus",
            "azurerm_subnet.ncus"
          ]
        }
      ]
    },
    {
      "mode": "managed",
      "type": "azurerm_subnet_network_security_group_association",
      "name": "scus",
      "provider": "provider.azurerm",
      "instances": [
        {
          "schema_version": 0,
          "attributes": {
            "id": "/subscriptions/928dcbe5-e163-432f-9185-0550b1a94cf3/resourceGroups/ACE-WINLAB-DEV/providers/Microsoft.Network/virtualNetworks/ACE-WINLAB-VNET4/subnets/ACE-VM-SUBNET4",
            "network_security_group_id": "/subscriptions/928dcbe5-e163-432f-9185-0550b1a94cf3/resourceGroups/ACE-WINLAB-DEV/providers/Microsoft.Network/networkSecurityGroups/DEFUALT-NSG-SCUS",
            "subnet_id": "/subscriptions/928dcbe5-e163-432f-9185-0550b1a94cf3/resourceGroups/ACE-WINLAB-DEV/providers/Microsoft.Network/virtualNetworks/ACE-WINLAB-VNET4/subnets/ACE-VM-SUBNET4",
            "timeouts": null
          },
          "private": "eyJlMmJmYjczMC1lY2FhLTExZTYtOGY4OC0zNDM2M2JjN2M0YzAiOnsiY3JlYXRlIjoxODAwMDAwMDAwMDAwLCJkZWxldGUiOjE4MDAwMDAwMDAwMDAsInJlYWQiOjMwMDAwMDAwMDAwMCwidXBkYXRlIjoxODAwMDAwMDAwMDAwfX0=",
          "depends_on": [
            "azurerm_network_security_group.scus",
            "azurerm_subnet.scus"
          ]
        }
      ]
    },
    {
      "mode": "managed",
      "type": "azurerm_subnet_network_security_group_association",
      "name": "wus",
      "provider": "provider.azurerm",
      "instances": [
        {
          "schema_version": 0,
          "attributes": {
            "id": "/subscriptions/928dcbe5-e163-432f-9185-0550b1a94cf3/resourceGroups/ACE-WINLAB-DEV/providers/Microsoft.Network/virtualNetworks/ACE-WINLAB-VNET3/subnets/ACE-VM-SUBNET3",
            "network_security_group_id": "/subscriptions/928dcbe5-e163-432f-9185-0550b1a94cf3/resourceGroups/ACE-WINLAB-DEV/providers/Microsoft.Network/networkSecurityGroups/DEFUALT-NSG-WUS",
            "subnet_id": "/subscriptions/928dcbe5-e163-432f-9185-0550b1a94cf3/resourceGroups/ACE-WINLAB-DEV/providers/Microsoft.Network/virtualNetworks/ACE-WINLAB-VNET3/subnets/ACE-VM-SUBNET3",
            "timeouts": null
          },
          "private": "eyJlMmJmYjczMC1lY2FhLTExZTYtOGY4OC0zNDM2M2JjN2M0YzAiOnsiY3JlYXRlIjoxODAwMDAwMDAwMDAwLCJkZWxldGUiOjE4MDAwMDAwMDAwMDAsInJlYWQiOjMwMDAwMDAwMDAwMCwidXBkYXRlIjoxODAwMDAwMDAwMDAwfX0=",
          "depends_on": [
            "azurerm_network_security_group.wus",
            "azurerm_subnet.wus"
          ]
        }
      ]
    },
    {
      "mode": "managed",
      "type": "azurerm_virtual_machine",
      "name": "eus",
      "each": "list",
      "provider": "provider.azurerm",
      "instances": [
        {
          "index_key": 0,
          "schema_version": 0,
          "attributes": {
            "additional_capabilities": [],
            "availability_set_id": null,
            "boot_diagnostics": [],
            "delete_data_disks_on_termination": true,
            "delete_os_disk_on_termination": true,
            "id": "/subscriptions/928dcbe5-e163-432f-9185-0550b1a94cf3/resourceGroups/ACE-WINLAB-DEV/providers/Microsoft.Compute/virtualMachines/ACE-VM-0-EUS",
            "identity": [],
            "license_type": null,
            "location": "eastus",
            "name": "ACE-VM-0-EUS",
            "network_interface_ids": [
              "/subscriptions/928dcbe5-e163-432f-9185-0550b1a94cf3/resourceGroups/ACE-WINLAB-DEV/providers/Microsoft.Network/networkInterfaces/VM-NIC-EUS-0"
            ],
            "os_profile": [
              {
                "admin_password": "",
                "admin_username": "ACEUser",
                "computer_name": "ACEVM0",
                "custom_data": ""
              }
            ],
            "os_profile_linux_config": [],
            "os_profile_secrets": [],
            "os_profile_windows_config": [
              {
                "additional_unattend_config": [],
                "enable_automatic_upgrades": false,
                "provision_vm_agent": true,
                "timezone": "",
                "winrm": []
              }
            ],
            "plan": [],
            "primary_network_interface_id": null,
            "proximity_placement_group_id": null,
            "resource_group_name": "ACE-WINLAB-DEV",
            "storage_data_disk": [],
            "storage_image_reference": [
              {
                "id": "",
                "offer": "WindowsServer",
                "publisher": "MicrosoftWindowsServer",
                "sku": "2016-Datacenter",
                "version": "latest"
              }
            ],
            "storage_os_disk": [
              {
                "caching": "ReadWrite",
                "create_option": "FromImage",
                "disk_size_gb": 127,
                "image_uri": "",
                "managed_disk_id": "/subscriptions/928dcbe5-e163-432f-9185-0550b1a94cf3/resourceGroups/ACE-WINLAB-DEV/providers/Microsoft.Compute/disks/VM-OS-DISK-EUS0",
                "managed_disk_type": "Standard_LRS",
                "name": "VM-OS-DISK-EUS0",
                "os_type": "Windows",
                "vhd_uri": "",
                "write_accelerator_enabled": false
              }
            ],
            "tags": null,
            "timeouts": null,
            "vm_size": "Standard_B2ms",
            "zones": null
          },
          "private": "eyJlMmJmYjczMC1lY2FhLTExZTYtOGY4OC0zNDM2M2JjN2M0YzAiOnsiY3JlYXRlIjozNjAwMDAwMDAwMDAwLCJkZWxldGUiOjM2MDAwMDAwMDAwMDAsInJlYWQiOjMwMDAwMDAwMDAwMCwidXBkYXRlIjozNjAwMDAwMDAwMDAwfX0=",
          "depends_on": [
            "azurerm_network_interface.eus",
            "azurerm_resource_group.main",
            "azurerm_virtual_network.eus"
          ]
        },
        {
          "index_key": 1,
          "schema_version": 0,
          "attributes": {
            "additional_capabilities": [],
            "availability_set_id": null,
            "boot_diagnostics": [],
            "delete_data_disks_on_termination": true,
            "delete_os_disk_on_termination": true,
            "id": "/subscriptions/928dcbe5-e163-432f-9185-0550b1a94cf3/resourceGroups/ACE-WINLAB-DEV/providers/Microsoft.Compute/virtualMachines/ACE-VM-1-EUS",
            "identity": [],
            "license_type": null,
            "location": "eastus",
            "name": "ACE-VM-1-EUS",
            "network_interface_ids": [
              "/subscriptions/928dcbe5-e163-432f-9185-0550b1a94cf3/resourceGroups/ACE-WINLAB-DEV/providers/Microsoft.Network/networkInterfaces/VM-NIC-EUS-1"
            ],
            "os_profile": [
              {
                "admin_password": "",
                "admin_username": "ACEUser",
                "computer_name": "ACEVM1",
                "custom_data": ""
              }
            ],
            "os_profile_linux_config": [],
            "os_profile_secrets": [],
            "os_profile_windows_config": [
              {
                "additional_unattend_config": [],
                "enable_automatic_upgrades": false,
                "provision_vm_agent": true,
                "timezone": "",
                "winrm": []
              }
            ],
            "plan": [],
            "primary_network_interface_id": null,
            "proximity_placement_group_id": null,
            "resource_group_name": "ACE-WINLAB-DEV",
            "storage_data_disk": [],
            "storage_image_reference": [
              {
                "id": "",
                "offer": "WindowsServer",
                "publisher": "MicrosoftWindowsServer",
                "sku": "2016-Datacenter",
                "version": "latest"
              }
            ],
            "storage_os_disk": [
              {
                "caching": "ReadWrite",
                "create_option": "FromImage",
                "disk_size_gb": 127,
                "image_uri": "",
                "managed_disk_id": "/subscriptions/928dcbe5-e163-432f-9185-0550b1a94cf3/resourceGroups/ACE-WINLAB-DEV/providers/Microsoft.Compute/disks/VM-OS-DISK-EUS1",
                "managed_disk_type": "Standard_LRS",
                "name": "VM-OS-DISK-EUS1",
                "os_type": "Windows",
                "vhd_uri": "",
                "write_accelerator_enabled": false
              }
            ],
            "tags": null,
            "timeouts": null,
            "vm_size": "Standard_B2ms",
            "zones": null
          },
          "private": "eyJlMmJmYjczMC1lY2FhLTExZTYtOGY4OC0zNDM2M2JjN2M0YzAiOnsiY3JlYXRlIjozNjAwMDAwMDAwMDAwLCJkZWxldGUiOjM2MDAwMDAwMDAwMDAsInJlYWQiOjMwMDAwMDAwMDAwMCwidXBkYXRlIjozNjAwMDAwMDAwMDAwfX0=",
          "depends_on": [
            "azurerm_network_interface.eus",
            "azurerm_resource_group.main",
            "azurerm_virtual_network.eus"
          ]
        },
        {
          "index_key": 2,
          "schema_version": 0,
          "attributes": {
            "additional_capabilities": [],
            "availability_set_id": null,
            "boot_diagnostics": [],
            "delete_data_disks_on_termination": true,
            "delete_os_disk_on_termination": true,
            "id": "/subscriptions/928dcbe5-e163-432f-9185-0550b1a94cf3/resourceGroups/ACE-WINLAB-DEV/providers/Microsoft.Compute/virtualMachines/ACE-VM-2-EUS",
            "identity": [],
            "license_type": null,
            "location": "eastus",
            "name": "ACE-VM-2-EUS",
            "network_interface_ids": [
              "/subscriptions/928dcbe5-e163-432f-9185-0550b1a94cf3/resourceGroups/ACE-WINLAB-DEV/providers/Microsoft.Network/networkInterfaces/VM-NIC-EUS-2"
            ],
            "os_profile": [
              {
                "admin_password": "",
                "admin_username": "ACEUser",
                "computer_name": "ACEVM2",
                "custom_data": ""
              }
            ],
            "os_profile_linux_config": [],
            "os_profile_secrets": [],
            "os_profile_windows_config": [
              {
                "additional_unattend_config": [],
                "enable_automatic_upgrades": false,
                "provision_vm_agent": true,
                "timezone": "",
                "winrm": []
              }
            ],
            "plan": [],
            "primary_network_interface_id": null,
            "proximity_placement_group_id": null,
            "resource_group_name": "ACE-WINLAB-DEV",
            "storage_data_disk": [],
            "storage_image_reference": [
              {
                "id": "",
                "offer": "WindowsServer",
                "publisher": "MicrosoftWindowsServer",
                "sku": "2016-Datacenter",
                "version": "latest"
              }
            ],
            "storage_os_disk": [
              {
                "caching": "ReadWrite",
                "create_option": "FromImage",
                "disk_size_gb": 127,
                "image_uri": "",
                "managed_disk_id": "/subscriptions/928dcbe5-e163-432f-9185-0550b1a94cf3/resourceGroups/ACE-WINLAB-DEV/providers/Microsoft.Compute/disks/VM-OS-DISK-EUS2",
                "managed_disk_type": "Standard_LRS",
                "name": "VM-OS-DISK-EUS2",
                "os_type": "Windows",
                "vhd_uri": "",
                "write_accelerator_enabled": false
              }
            ],
            "tags": null,
            "timeouts": null,
            "vm_size": "Standard_B2ms",
            "zones": null
          },
          "private": "eyJlMmJmYjczMC1lY2FhLTExZTYtOGY4OC0zNDM2M2JjN2M0YzAiOnsiY3JlYXRlIjozNjAwMDAwMDAwMDAwLCJkZWxldGUiOjM2MDAwMDAwMDAwMDAsInJlYWQiOjMwMDAwMDAwMDAwMCwidXBkYXRlIjozNjAwMDAwMDAwMDAwfX0=",
          "depends_on": [
            "azurerm_network_interface.eus",
            "azurerm_resource_group.main",
            "azurerm_virtual_network.eus"
          ]
        },
        {
          "index_key": 3,
          "schema_version": 0,
          "attributes": {
            "additional_capabilities": [],
            "availability_set_id": null,
            "boot_diagnostics": [],
            "delete_data_disks_on_termination": true,
            "delete_os_disk_on_termination": true,
            "id": "/subscriptions/928dcbe5-e163-432f-9185-0550b1a94cf3/resourceGroups/ACE-WINLAB-DEV/providers/Microsoft.Compute/virtualMachines/ACE-VM-3-EUS",
            "identity": [],
            "license_type": null,
            "location": "eastus",
            "name": "ACE-VM-3-EUS",
            "network_interface_ids": [
              "/subscriptions/928dcbe5-e163-432f-9185-0550b1a94cf3/resourceGroups/ACE-WINLAB-DEV/providers/Microsoft.Network/networkInterfaces/VM-NIC-EUS-3"
            ],
            "os_profile": [
              {
                "admin_password": "",
                "admin_username": "ACEUser",
                "computer_name": "ACEVM3",
                "custom_data": ""
              }
            ],
            "os_profile_linux_config": [],
            "os_profile_secrets": [],
            "os_profile_windows_config": [
              {
                "additional_unattend_config": [],
                "enable_automatic_upgrades": false,
                "provision_vm_agent": true,
                "timezone": "",
                "winrm": []
              }
            ],
            "plan": [],
            "primary_network_interface_id": null,
            "proximity_placement_group_id": null,
            "resource_group_name": "ACE-WINLAB-DEV",
            "storage_data_disk": [],
            "storage_image_reference": [
              {
                "id": "",
                "offer": "WindowsServer",
                "publisher": "MicrosoftWindowsServer",
                "sku": "2016-Datacenter",
                "version": "latest"
              }
            ],
            "storage_os_disk": [
              {
                "caching": "ReadWrite",
                "create_option": "FromImage",
                "disk_size_gb": 127,
                "image_uri": "",
                "managed_disk_id": "/subscriptions/928dcbe5-e163-432f-9185-0550b1a94cf3/resourceGroups/ACE-WINLAB-DEV/providers/Microsoft.Compute/disks/VM-OS-DISK-EUS3",
                "managed_disk_type": "Standard_LRS",
                "name": "VM-OS-DISK-EUS3",
                "os_type": "Windows",
                "vhd_uri": "",
                "write_accelerator_enabled": false
              }
            ],
            "tags": null,
            "timeouts": null,
            "vm_size": "Standard_B2ms",
            "zones": null
          },
          "private": "eyJlMmJmYjczMC1lY2FhLTExZTYtOGY4OC0zNDM2M2JjN2M0YzAiOnsiY3JlYXRlIjozNjAwMDAwMDAwMDAwLCJkZWxldGUiOjM2MDAwMDAwMDAwMDAsInJlYWQiOjMwMDAwMDAwMDAwMCwidXBkYXRlIjozNjAwMDAwMDAwMDAwfX0=",
          "depends_on": [
            "azurerm_network_interface.eus",
            "azurerm_resource_group.main",
            "azurerm_virtual_network.eus"
          ]
        },
        {
          "index_key": 4,
          "schema_version": 0,
          "attributes": {
            "additional_capabilities": [],
            "availability_set_id": null,
            "boot_diagnostics": [],
            "delete_data_disks_on_termination": true,
            "delete_os_disk_on_termination": true,
            "id": "/subscriptions/928dcbe5-e163-432f-9185-0550b1a94cf3/resourceGroups/ACE-WINLAB-DEV/providers/Microsoft.Compute/virtualMachines/ACE-VM-4-EUS",
            "identity": [],
            "license_type": null,
            "location": "eastus",
            "name": "ACE-VM-4-EUS",
            "network_interface_ids": [
              "/subscriptions/928dcbe5-e163-432f-9185-0550b1a94cf3/resourceGroups/ACE-WINLAB-DEV/providers/Microsoft.Network/networkInterfaces/VM-NIC-EUS-4"
            ],
            "os_profile": [
              {
                "admin_password": "",
                "admin_username": "ACEUser",
                "computer_name": "ACEVM4",
                "custom_data": ""
              }
            ],
            "os_profile_linux_config": [],
            "os_profile_secrets": [],
            "os_profile_windows_config": [
              {
                "additional_unattend_config": [],
                "enable_automatic_upgrades": false,
                "provision_vm_agent": true,
                "timezone": "",
                "winrm": []
              }
            ],
            "plan": [],
            "primary_network_interface_id": null,
            "proximity_placement_group_id": null,
            "resource_group_name": "ACE-WINLAB-DEV",
            "storage_data_disk": [],
            "storage_image_reference": [
              {
                "id": "",
                "offer": "WindowsServer",
                "publisher": "MicrosoftWindowsServer",
                "sku": "2016-Datacenter",
                "version": "latest"
              }
            ],
            "storage_os_disk": [
              {
                "caching": "ReadWrite",
                "create_option": "FromImage",
                "disk_size_gb": 127,
                "image_uri": "",
                "managed_disk_id": "/subscriptions/928dcbe5-e163-432f-9185-0550b1a94cf3/resourceGroups/ACE-WINLAB-DEV/providers/Microsoft.Compute/disks/VM-OS-DISK-EUS4",
                "managed_disk_type": "Standard_LRS",
                "name": "VM-OS-DISK-EUS4",
                "os_type": "Windows",
                "vhd_uri": "",
                "write_accelerator_enabled": false
              }
            ],
            "tags": null,
            "timeouts": null,
            "vm_size": "Standard_B2ms",
            "zones": null
          },
          "private": "eyJlMmJmYjczMC1lY2FhLTExZTYtOGY4OC0zNDM2M2JjN2M0YzAiOnsiY3JlYXRlIjozNjAwMDAwMDAwMDAwLCJkZWxldGUiOjM2MDAwMDAwMDAwMDAsInJlYWQiOjMwMDAwMDAwMDAwMCwidXBkYXRlIjozNjAwMDAwMDAwMDAwfX0=",
          "depends_on": [
            "azurerm_network_interface.eus",
            "azurerm_resource_group.main",
            "azurerm_virtual_network.eus"
          ]
        }
      ]
    },
    {
      "mode": "managed",
      "type": "azurerm_virtual_machine",
      "name": "ncus",
      "each": "list",
      "provider": "provider.azurerm",
      "instances": [
        {
          "index_key": 0,
          "schema_version": 0,
          "attributes": {
            "additional_capabilities": [],
            "availability_set_id": null,
            "boot_diagnostics": [],
            "delete_data_disks_on_termination": true,
            "delete_os_disk_on_termination": true,
            "id": "/subscriptions/928dcbe5-e163-432f-9185-0550b1a94cf3/resourceGroups/ACE-WINLAB-DEV/providers/Microsoft.Compute/virtualMachines/ACE-VM-0-NCUS",
            "identity": [],
            "license_type": null,
            "location": "northcentralus",
            "name": "ACE-VM-0-NCUS",
            "network_interface_ids": [
              "/subscriptions/928dcbe5-e163-432f-9185-0550b1a94cf3/resourceGroups/ACE-WINLAB-DEV/providers/Microsoft.Network/networkInterfaces/VM-NIC-NCUS-0"
            ],
            "os_profile": [
              {
                "admin_password": "",
                "admin_username": "ACEUser",
                "computer_name": "ACEVM0",
                "custom_data": ""
              }
            ],
            "os_profile_linux_config": [],
            "os_profile_secrets": [],
            "os_profile_windows_config": [
              {
                "additional_unattend_config": [],
                "enable_automatic_upgrades": false,
                "provision_vm_agent": true,
                "timezone": "",
                "winrm": []
              }
            ],
            "plan": [],
            "primary_network_interface_id": null,
            "proximity_placement_group_id": null,
            "resource_group_name": "ACE-WINLAB-DEV",
            "storage_data_disk": [],
            "storage_image_reference": [
              {
                "id": "",
                "offer": "WindowsServer",
                "publisher": "MicrosoftWindowsServer",
                "sku": "2016-Datacenter",
                "version": "latest"
              }
            ],
            "storage_os_disk": [
              {
                "caching": "ReadWrite",
                "create_option": "FromImage",
                "disk_size_gb": 127,
                "image_uri": "",
                "managed_disk_id": "/subscriptions/928dcbe5-e163-432f-9185-0550b1a94cf3/resourceGroups/ACE-WINLAB-DEV/providers/Microsoft.Compute/disks/VM-OS-DISK-NCUS0",
                "managed_disk_type": "Standard_LRS",
                "name": "VM-OS-DISK-NCUS0",
                "os_type": "Windows",
                "vhd_uri": "",
                "write_accelerator_enabled": false
              }
            ],
            "tags": null,
            "timeouts": null,
            "vm_size": "Standard_B2ms",
            "zones": null
          },
          "private": "eyJlMmJmYjczMC1lY2FhLTExZTYtOGY4OC0zNDM2M2JjN2M0YzAiOnsiY3JlYXRlIjozNjAwMDAwMDAwMDAwLCJkZWxldGUiOjM2MDAwMDAwMDAwMDAsInJlYWQiOjMwMDAwMDAwMDAwMCwidXBkYXRlIjozNjAwMDAwMDAwMDAwfX0=",
          "depends_on": [
            "azurerm_network_interface.ncus",
            "azurerm_resource_group.main",
            "azurerm_virtual_network.ncus"
          ]
        },
        {
          "index_key": 1,
          "schema_version": 0,
          "attributes": {
            "additional_capabilities": [],
            "availability_set_id": null,
            "boot_diagnostics": [],
            "delete_data_disks_on_termination": true,
            "delete_os_disk_on_termination": true,
            "id": "/subscriptions/928dcbe5-e163-432f-9185-0550b1a94cf3/resourceGroups/ACE-WINLAB-DEV/providers/Microsoft.Compute/virtualMachines/ACE-VM-1-NCUS",
            "identity": [],
            "license_type": null,
            "location": "northcentralus",
            "name": "ACE-VM-1-NCUS",
            "network_interface_ids": [
              "/subscriptions/928dcbe5-e163-432f-9185-0550b1a94cf3/resourceGroups/ACE-WINLAB-DEV/providers/Microsoft.Network/networkInterfaces/VM-NIC-NCUS-1"
            ],
            "os_profile": [
              {
                "admin_password": "",
                "admin_username": "ACEUser",
                "computer_name": "ACEVM1",
                "custom_data": ""
              }
            ],
            "os_profile_linux_config": [],
            "os_profile_secrets": [],
            "os_profile_windows_config": [
              {
                "additional_unattend_config": [],
                "enable_automatic_upgrades": false,
                "provision_vm_agent": true,
                "timezone": "",
                "winrm": []
              }
            ],
            "plan": [],
            "primary_network_interface_id": null,
            "proximity_placement_group_id": null,
            "resource_group_name": "ACE-WINLAB-DEV",
            "storage_data_disk": [],
            "storage_image_reference": [
              {
                "id": "",
                "offer": "WindowsServer",
                "publisher": "MicrosoftWindowsServer",
                "sku": "2016-Datacenter",
                "version": "latest"
              }
            ],
            "storage_os_disk": [
              {
                "caching": "ReadWrite",
                "create_option": "FromImage",
                "disk_size_gb": 127,
                "image_uri": "",
                "managed_disk_id": "/subscriptions/928dcbe5-e163-432f-9185-0550b1a94cf3/resourceGroups/ACE-WINLAB-DEV/providers/Microsoft.Compute/disks/VM-OS-DISK-NCUS1",
                "managed_disk_type": "Standard_LRS",
                "name": "VM-OS-DISK-NCUS1",
                "os_type": "Windows",
                "vhd_uri": "",
                "write_accelerator_enabled": false
              }
            ],
            "tags": null,
            "timeouts": null,
            "vm_size": "Standard_B2ms",
            "zones": null
          },
          "private": "eyJlMmJmYjczMC1lY2FhLTExZTYtOGY4OC0zNDM2M2JjN2M0YzAiOnsiY3JlYXRlIjozNjAwMDAwMDAwMDAwLCJkZWxldGUiOjM2MDAwMDAwMDAwMDAsInJlYWQiOjMwMDAwMDAwMDAwMCwidXBkYXRlIjozNjAwMDAwMDAwMDAwfX0=",
          "depends_on": [
            "azurerm_network_interface.ncus",
            "azurerm_resource_group.main",
            "azurerm_virtual_network.ncus"
          ]
        },
        {
          "index_key": 2,
          "schema_version": 0,
          "attributes": {
            "additional_capabilities": [],
            "availability_set_id": null,
            "boot_diagnostics": [],
            "delete_data_disks_on_termination": true,
            "delete_os_disk_on_termination": true,
            "id": "/subscriptions/928dcbe5-e163-432f-9185-0550b1a94cf3/resourceGroups/ACE-WINLAB-DEV/providers/Microsoft.Compute/virtualMachines/ACE-VM-2-NCUS",
            "identity": [],
            "license_type": null,
            "location": "northcentralus",
            "name": "ACE-VM-2-NCUS",
            "network_interface_ids": [
              "/subscriptions/928dcbe5-e163-432f-9185-0550b1a94cf3/resourceGroups/ACE-WINLAB-DEV/providers/Microsoft.Network/networkInterfaces/VM-NIC-NCUS-2"
            ],
            "os_profile": [
              {
                "admin_password": "",
                "admin_username": "ACEUser",
                "computer_name": "ACEVM2",
                "custom_data": ""
              }
            ],
            "os_profile_linux_config": [],
            "os_profile_secrets": [],
            "os_profile_windows_config": [
              {
                "additional_unattend_config": [],
                "enable_automatic_upgrades": false,
                "provision_vm_agent": true,
                "timezone": "",
                "winrm": []
              }
            ],
            "plan": [],
            "primary_network_interface_id": null,
            "proximity_placement_group_id": null,
            "resource_group_name": "ACE-WINLAB-DEV",
            "storage_data_disk": [],
            "storage_image_reference": [
              {
                "id": "",
                "offer": "WindowsServer",
                "publisher": "MicrosoftWindowsServer",
                "sku": "2016-Datacenter",
                "version": "latest"
              }
            ],
            "storage_os_disk": [
              {
                "caching": "ReadWrite",
                "create_option": "FromImage",
                "disk_size_gb": 127,
                "image_uri": "",
                "managed_disk_id": "/subscriptions/928dcbe5-e163-432f-9185-0550b1a94cf3/resourceGroups/ACE-WINLAB-DEV/providers/Microsoft.Compute/disks/VM-OS-DISK-NCUS2",
                "managed_disk_type": "Standard_LRS",
                "name": "VM-OS-DISK-NCUS2",
                "os_type": "Windows",
                "vhd_uri": "",
                "write_accelerator_enabled": false
              }
            ],
            "tags": null,
            "timeouts": null,
            "vm_size": "Standard_B2ms",
            "zones": null
          },
          "private": "eyJlMmJmYjczMC1lY2FhLTExZTYtOGY4OC0zNDM2M2JjN2M0YzAiOnsiY3JlYXRlIjozNjAwMDAwMDAwMDAwLCJkZWxldGUiOjM2MDAwMDAwMDAwMDAsInJlYWQiOjMwMDAwMDAwMDAwMCwidXBkYXRlIjozNjAwMDAwMDAwMDAwfX0=",
          "depends_on": [
            "azurerm_network_interface.ncus",
            "azurerm_resource_group.main",
            "azurerm_virtual_network.ncus"
          ]
        },
        {
          "index_key": 3,
          "schema_version": 0,
          "attributes": {
            "additional_capabilities": [],
            "availability_set_id": null,
            "boot_diagnostics": [],
            "delete_data_disks_on_termination": true,
            "delete_os_disk_on_termination": true,
            "id": "/subscriptions/928dcbe5-e163-432f-9185-0550b1a94cf3/resourceGroups/ACE-WINLAB-DEV/providers/Microsoft.Compute/virtualMachines/ACE-VM-3-NCUS",
            "identity": [],
            "license_type": null,
            "location": "northcentralus",
            "name": "ACE-VM-3-NCUS",
            "network_interface_ids": [
              "/subscriptions/928dcbe5-e163-432f-9185-0550b1a94cf3/resourceGroups/ACE-WINLAB-DEV/providers/Microsoft.Network/networkInterfaces/VM-NIC-NCUS-3"
            ],
            "os_profile": [
              {
                "admin_password": "",
                "admin_username": "ACEUser",
                "computer_name": "ACEVM3",
                "custom_data": ""
              }
            ],
            "os_profile_linux_config": [],
            "os_profile_secrets": [],
            "os_profile_windows_config": [
              {
                "additional_unattend_config": [],
                "enable_automatic_upgrades": false,
                "provision_vm_agent": true,
                "timezone": "",
                "winrm": []
              }
            ],
            "plan": [],
            "primary_network_interface_id": null,
            "proximity_placement_group_id": null,
            "resource_group_name": "ACE-WINLAB-DEV",
            "storage_data_disk": [],
            "storage_image_reference": [
              {
                "id": "",
                "offer": "WindowsServer",
                "publisher": "MicrosoftWindowsServer",
                "sku": "2016-Datacenter",
                "version": "latest"
              }
            ],
            "storage_os_disk": [
              {
                "caching": "ReadWrite",
                "create_option": "FromImage",
                "disk_size_gb": 127,
                "image_uri": "",
                "managed_disk_id": "/subscriptions/928dcbe5-e163-432f-9185-0550b1a94cf3/resourceGroups/ACE-WINLAB-DEV/providers/Microsoft.Compute/disks/VM-OS-DISK-NCUS3",
                "managed_disk_type": "Standard_LRS",
                "name": "VM-OS-DISK-NCUS3",
                "os_type": "Windows",
                "vhd_uri": "",
                "write_accelerator_enabled": false
              }
            ],
            "tags": null,
            "timeouts": null,
            "vm_size": "Standard_B2ms",
            "zones": null
          },
          "private": "eyJlMmJmYjczMC1lY2FhLTExZTYtOGY4OC0zNDM2M2JjN2M0YzAiOnsiY3JlYXRlIjozNjAwMDAwMDAwMDAwLCJkZWxldGUiOjM2MDAwMDAwMDAwMDAsInJlYWQiOjMwMDAwMDAwMDAwMCwidXBkYXRlIjozNjAwMDAwMDAwMDAwfX0=",
          "depends_on": [
            "azurerm_network_interface.ncus",
            "azurerm_resource_group.main",
            "azurerm_virtual_network.ncus"
          ]
        },
        {
          "index_key": 4,
          "schema_version": 0,
          "attributes": {
            "additional_capabilities": [],
            "availability_set_id": null,
            "boot_diagnostics": [],
            "delete_data_disks_on_termination": true,
            "delete_os_disk_on_termination": true,
            "id": "/subscriptions/928dcbe5-e163-432f-9185-0550b1a94cf3/resourceGroups/ACE-WINLAB-DEV/providers/Microsoft.Compute/virtualMachines/ACE-VM-4-NCUS",
            "identity": [],
            "license_type": null,
            "location": "northcentralus",
            "name": "ACE-VM-4-NCUS",
            "network_interface_ids": [
              "/subscriptions/928dcbe5-e163-432f-9185-0550b1a94cf3/resourceGroups/ACE-WINLAB-DEV/providers/Microsoft.Network/networkInterfaces/VM-NIC-NCUS-4"
            ],
            "os_profile": [
              {
                "admin_password": "",
                "admin_username": "ACEUser",
                "computer_name": "ACEVM4",
                "custom_data": ""
              }
            ],
            "os_profile_linux_config": [],
            "os_profile_secrets": [],
            "os_profile_windows_config": [
              {
                "additional_unattend_config": [],
                "enable_automatic_upgrades": false,
                "provision_vm_agent": true,
                "timezone": "",
                "winrm": []
              }
            ],
            "plan": [],
            "primary_network_interface_id": null,
            "proximity_placement_group_id": null,
            "resource_group_name": "ACE-WINLAB-DEV",
            "storage_data_disk": [],
            "storage_image_reference": [
              {
                "id": "",
                "offer": "WindowsServer",
                "publisher": "MicrosoftWindowsServer",
                "sku": "2016-Datacenter",
                "version": "latest"
              }
            ],
            "storage_os_disk": [
              {
                "caching": "ReadWrite",
                "create_option": "FromImage",
                "disk_size_gb": 127,
                "image_uri": "",
                "managed_disk_id": "/subscriptions/928dcbe5-e163-432f-9185-0550b1a94cf3/resourceGroups/ACE-WINLAB-DEV/providers/Microsoft.Compute/disks/VM-OS-DISK-NCUS4",
                "managed_disk_type": "Standard_LRS",
                "name": "VM-OS-DISK-NCUS4",
                "os_type": "Windows",
                "vhd_uri": "",
                "write_accelerator_enabled": false
              }
            ],
            "tags": null,
            "timeouts": null,
            "vm_size": "Standard_B2ms",
            "zones": null
          },
          "private": "eyJlMmJmYjczMC1lY2FhLTExZTYtOGY4OC0zNDM2M2JjN2M0YzAiOnsiY3JlYXRlIjozNjAwMDAwMDAwMDAwLCJkZWxldGUiOjM2MDAwMDAwMDAwMDAsInJlYWQiOjMwMDAwMDAwMDAwMCwidXBkYXRlIjozNjAwMDAwMDAwMDAwfX0=",
          "depends_on": [
            "azurerm_network_interface.ncus",
            "azurerm_resource_group.main",
            "azurerm_virtual_network.ncus"
          ]
        }
      ]
    },
    {
      "mode": "managed",
      "type": "azurerm_virtual_machine",
      "name": "scus",
      "each": "list",
      "provider": "provider.azurerm",
      "instances": [
        {
          "index_key": 0,
          "schema_version": 0,
          "attributes": {
            "additional_capabilities": [],
            "availability_set_id": null,
            "boot_diagnostics": [],
            "delete_data_disks_on_termination": true,
            "delete_os_disk_on_termination": true,
            "id": "/subscriptions/928dcbe5-e163-432f-9185-0550b1a94cf3/resourceGroups/ACE-WINLAB-DEV/providers/Microsoft.Compute/virtualMachines/ACE-VM-0-SCUS",
            "identity": [],
            "license_type": null,
            "location": "southcentralus",
            "name": "ACE-VM-0-SCUS",
            "network_interface_ids": [
              "/subscriptions/928dcbe5-e163-432f-9185-0550b1a94cf3/resourceGroups/ACE-WINLAB-DEV/providers/Microsoft.Network/networkInterfaces/VM-NIC-SCUS-0"
            ],
            "os_profile": [
              {
                "admin_password": "",
                "admin_username": "ACEUser",
                "computer_name": "ACEVM0",
                "custom_data": ""
              }
            ],
            "os_profile_linux_config": [],
            "os_profile_secrets": [],
            "os_profile_windows_config": [
              {
                "additional_unattend_config": [],
                "enable_automatic_upgrades": false,
                "provision_vm_agent": true,
                "timezone": "",
                "winrm": []
              }
            ],
            "plan": [],
            "primary_network_interface_id": null,
            "proximity_placement_group_id": null,
            "resource_group_name": "ACE-WINLAB-DEV",
            "storage_data_disk": [],
            "storage_image_reference": [
              {
                "id": "",
                "offer": "WindowsServer",
                "publisher": "MicrosoftWindowsServer",
                "sku": "2016-Datacenter",
                "version": "latest"
              }
            ],
            "storage_os_disk": [
              {
                "caching": "ReadWrite",
                "create_option": "FromImage",
                "disk_size_gb": 127,
                "image_uri": "",
                "managed_disk_id": "/subscriptions/928dcbe5-e163-432f-9185-0550b1a94cf3/resourceGroups/ACE-WINLAB-DEV/providers/Microsoft.Compute/disks/VM-OS-DISK-SCUS0",
                "managed_disk_type": "Standard_LRS",
                "name": "VM-OS-DISK-SCUS0",
                "os_type": "Windows",
                "vhd_uri": "",
                "write_accelerator_enabled": false
              }
            ],
            "tags": null,
            "timeouts": null,
            "vm_size": "Standard_B2ms",
            "zones": null
          },
          "private": "eyJlMmJmYjczMC1lY2FhLTExZTYtOGY4OC0zNDM2M2JjN2M0YzAiOnsiY3JlYXRlIjozNjAwMDAwMDAwMDAwLCJkZWxldGUiOjM2MDAwMDAwMDAwMDAsInJlYWQiOjMwMDAwMDAwMDAwMCwidXBkYXRlIjozNjAwMDAwMDAwMDAwfX0=",
          "depends_on": [
            "azurerm_network_interface.scus",
            "azurerm_resource_group.main",
            "azurerm_virtual_network.scus"
          ]
        },
        {
          "index_key": 1,
          "schema_version": 0,
          "attributes": {
            "additional_capabilities": [],
            "availability_set_id": null,
            "boot_diagnostics": [],
            "delete_data_disks_on_termination": true,
            "delete_os_disk_on_termination": true,
            "id": "/subscriptions/928dcbe5-e163-432f-9185-0550b1a94cf3/resourceGroups/ACE-WINLAB-DEV/providers/Microsoft.Compute/virtualMachines/ACE-VM-1-SCUS",
            "identity": [],
            "license_type": null,
            "location": "southcentralus",
            "name": "ACE-VM-1-SCUS",
            "network_interface_ids": [
              "/subscriptions/928dcbe5-e163-432f-9185-0550b1a94cf3/resourceGroups/ACE-WINLAB-DEV/providers/Microsoft.Network/networkInterfaces/VM-NIC-SCUS-1"
            ],
            "os_profile": [
              {
                "admin_password": "",
                "admin_username": "ACEUser",
                "computer_name": "ACEVM1",
                "custom_data": ""
              }
            ],
            "os_profile_linux_config": [],
            "os_profile_secrets": [],
            "os_profile_windows_config": [
              {
                "additional_unattend_config": [],
                "enable_automatic_upgrades": false,
                "provision_vm_agent": true,
                "timezone": "",
                "winrm": []
              }
            ],
            "plan": [],
            "primary_network_interface_id": null,
            "proximity_placement_group_id": null,
            "resource_group_name": "ACE-WINLAB-DEV",
            "storage_data_disk": [],
            "storage_image_reference": [
              {
                "id": "",
                "offer": "WindowsServer",
                "publisher": "MicrosoftWindowsServer",
                "sku": "2016-Datacenter",
                "version": "latest"
              }
            ],
            "storage_os_disk": [
              {
                "caching": "ReadWrite",
                "create_option": "FromImage",
                "disk_size_gb": 127,
                "image_uri": "",
                "managed_disk_id": "/subscriptions/928dcbe5-e163-432f-9185-0550b1a94cf3/resourceGroups/ACE-WINLAB-DEV/providers/Microsoft.Compute/disks/VM-OS-DISK-SCUS1",
                "managed_disk_type": "Standard_LRS",
                "name": "VM-OS-DISK-SCUS1",
                "os_type": "Windows",
                "vhd_uri": "",
                "write_accelerator_enabled": false
              }
            ],
            "tags": null,
            "timeouts": null,
            "vm_size": "Standard_B2ms",
            "zones": null
          },
          "private": "eyJlMmJmYjczMC1lY2FhLTExZTYtOGY4OC0zNDM2M2JjN2M0YzAiOnsiY3JlYXRlIjozNjAwMDAwMDAwMDAwLCJkZWxldGUiOjM2MDAwMDAwMDAwMDAsInJlYWQiOjMwMDAwMDAwMDAwMCwidXBkYXRlIjozNjAwMDAwMDAwMDAwfX0=",
          "depends_on": [
            "azurerm_network_interface.scus",
            "azurerm_resource_group.main",
            "azurerm_virtual_network.scus"
          ]
        },
        {
          "index_key": 2,
          "schema_version": 0,
          "attributes": {
            "additional_capabilities": [],
            "availability_set_id": null,
            "boot_diagnostics": [],
            "delete_data_disks_on_termination": true,
            "delete_os_disk_on_termination": true,
            "id": "/subscriptions/928dcbe5-e163-432f-9185-0550b1a94cf3/resourceGroups/ACE-WINLAB-DEV/providers/Microsoft.Compute/virtualMachines/ACE-VM-2-SCUS",
            "identity": [],
            "license_type": null,
            "location": "southcentralus",
            "name": "ACE-VM-2-SCUS",
            "network_interface_ids": [
              "/subscriptions/928dcbe5-e163-432f-9185-0550b1a94cf3/resourceGroups/ACE-WINLAB-DEV/providers/Microsoft.Network/networkInterfaces/VM-NIC-SCUS-2"
            ],
            "os_profile": [
              {
                "admin_password": "",
                "admin_username": "ACEUser",
                "computer_name": "ACEVM2",
                "custom_data": ""
              }
            ],
            "os_profile_linux_config": [],
            "os_profile_secrets": [],
            "os_profile_windows_config": [
              {
                "additional_unattend_config": [],
                "enable_automatic_upgrades": false,
                "provision_vm_agent": true,
                "timezone": "",
                "winrm": []
              }
            ],
            "plan": [],
            "primary_network_interface_id": null,
            "proximity_placement_group_id": null,
            "resource_group_name": "ACE-WINLAB-DEV",
            "storage_data_disk": [],
            "storage_image_reference": [
              {
                "id": "",
                "offer": "WindowsServer",
                "publisher": "MicrosoftWindowsServer",
                "sku": "2016-Datacenter",
                "version": "latest"
              }
            ],
            "storage_os_disk": [
              {
                "caching": "ReadWrite",
                "create_option": "FromImage",
                "disk_size_gb": 127,
                "image_uri": "",
                "managed_disk_id": "/subscriptions/928dcbe5-e163-432f-9185-0550b1a94cf3/resourceGroups/ACE-WINLAB-DEV/providers/Microsoft.Compute/disks/VM-OS-DISK-SCUS2",
                "managed_disk_type": "Standard_LRS",
                "name": "VM-OS-DISK-SCUS2",
                "os_type": "Windows",
                "vhd_uri": "",
                "write_accelerator_enabled": false
              }
            ],
            "tags": null,
            "timeouts": null,
            "vm_size": "Standard_B2ms",
            "zones": null
          },
          "private": "eyJlMmJmYjczMC1lY2FhLTExZTYtOGY4OC0zNDM2M2JjN2M0YzAiOnsiY3JlYXRlIjozNjAwMDAwMDAwMDAwLCJkZWxldGUiOjM2MDAwMDAwMDAwMDAsInJlYWQiOjMwMDAwMDAwMDAwMCwidXBkYXRlIjozNjAwMDAwMDAwMDAwfX0=",
          "depends_on": [
            "azurerm_network_interface.scus",
            "azurerm_resource_group.main",
            "azurerm_virtual_network.scus"
          ]
        },
        {
          "index_key": 3,
          "schema_version": 0,
          "attributes": {
            "additional_capabilities": [],
            "availability_set_id": null,
            "boot_diagnostics": [],
            "delete_data_disks_on_termination": true,
            "delete_os_disk_on_termination": true,
            "id": "/subscriptions/928dcbe5-e163-432f-9185-0550b1a94cf3/resourceGroups/ACE-WINLAB-DEV/providers/Microsoft.Compute/virtualMachines/ACE-VM-3-SCUS",
            "identity": [],
            "license_type": null,
            "location": "southcentralus",
            "name": "ACE-VM-3-SCUS",
            "network_interface_ids": [
              "/subscriptions/928dcbe5-e163-432f-9185-0550b1a94cf3/resourceGroups/ACE-WINLAB-DEV/providers/Microsoft.Network/networkInterfaces/VM-NIC-SCUS-3"
            ],
            "os_profile": [
              {
                "admin_password": "",
                "admin_username": "ACEUser",
                "computer_name": "ACEVM3",
                "custom_data": ""
              }
            ],
            "os_profile_linux_config": [],
            "os_profile_secrets": [],
            "os_profile_windows_config": [
              {
                "additional_unattend_config": [],
                "enable_automatic_upgrades": false,
                "provision_vm_agent": true,
                "timezone": "",
                "winrm": []
              }
            ],
            "plan": [],
            "primary_network_interface_id": null,
            "proximity_placement_group_id": null,
            "resource_group_name": "ACE-WINLAB-DEV",
            "storage_data_disk": [],
            "storage_image_reference": [
              {
                "id": "",
                "offer": "WindowsServer",
                "publisher": "MicrosoftWindowsServer",
                "sku": "2016-Datacenter",
                "version": "latest"
              }
            ],
            "storage_os_disk": [
              {
                "caching": "ReadWrite",
                "create_option": "FromImage",
                "disk_size_gb": 127,
                "image_uri": "",
                "managed_disk_id": "/subscriptions/928dcbe5-e163-432f-9185-0550b1a94cf3/resourceGroups/ACE-WINLAB-DEV/providers/Microsoft.Compute/disks/VM-OS-DISK-SCUS3",
                "managed_disk_type": "Standard_LRS",
                "name": "VM-OS-DISK-SCUS3",
                "os_type": "Windows",
                "vhd_uri": "",
                "write_accelerator_enabled": false
              }
            ],
            "tags": null,
            "timeouts": null,
            "vm_size": "Standard_B2ms",
            "zones": null
          },
          "private": "eyJlMmJmYjczMC1lY2FhLTExZTYtOGY4OC0zNDM2M2JjN2M0YzAiOnsiY3JlYXRlIjozNjAwMDAwMDAwMDAwLCJkZWxldGUiOjM2MDAwMDAwMDAwMDAsInJlYWQiOjMwMDAwMDAwMDAwMCwidXBkYXRlIjozNjAwMDAwMDAwMDAwfX0=",
          "depends_on": [
            "azurerm_network_interface.scus",
            "azurerm_resource_group.main",
            "azurerm_virtual_network.scus"
          ]
        }
      ]
    },
    {
      "mode": "managed",
      "type": "azurerm_virtual_machine",
      "name": "wus",
      "each": "list",
      "provider": "provider.azurerm",
      "instances": [
        {
          "index_key": 0,
          "schema_version": 0,
          "attributes": {
            "additional_capabilities": [],
            "availability_set_id": null,
            "boot_diagnostics": [],
            "delete_data_disks_on_termination": true,
            "delete_os_disk_on_termination": true,
            "id": "/subscriptions/928dcbe5-e163-432f-9185-0550b1a94cf3/resourceGroups/ACE-WINLAB-DEV/providers/Microsoft.Compute/virtualMachines/ACE-VM-0-WUS",
            "identity": [],
            "license_type": null,
            "location": "westus",
            "name": "ACE-VM-0-WUS",
            "network_interface_ids": [
              "/subscriptions/928dcbe5-e163-432f-9185-0550b1a94cf3/resourceGroups/ACE-WINLAB-DEV/providers/Microsoft.Network/networkInterfaces/VM-NIC-WUS-0"
            ],
            "os_profile": [
              {
                "admin_password": "",
                "admin_username": "ACEUser",
                "computer_name": "ACEVM0",
                "custom_data": ""
              }
            ],
            "os_profile_linux_config": [],
            "os_profile_secrets": [],
            "os_profile_windows_config": [
              {
                "additional_unattend_config": [],
                "enable_automatic_upgrades": false,
                "provision_vm_agent": true,
                "timezone": "",
                "winrm": []
              }
            ],
            "plan": [],
            "primary_network_interface_id": null,
            "proximity_placement_group_id": null,
            "resource_group_name": "ACE-WINLAB-DEV",
            "storage_data_disk": [],
            "storage_image_reference": [
              {
                "id": "",
                "offer": "WindowsServer",
                "publisher": "MicrosoftWindowsServer",
                "sku": "2016-Datacenter",
                "version": "latest"
              }
            ],
            "storage_os_disk": [
              {
                "caching": "ReadWrite",
                "create_option": "FromImage",
                "disk_size_gb": 127,
                "image_uri": "",
                "managed_disk_id": "/subscriptions/928dcbe5-e163-432f-9185-0550b1a94cf3/resourceGroups/ACE-WINLAB-DEV/providers/Microsoft.Compute/disks/VM-OS-DISK-WUS0",
                "managed_disk_type": "Standard_LRS",
                "name": "VM-OS-DISK-WUS0",
                "os_type": "Windows",
                "vhd_uri": "",
                "write_accelerator_enabled": false
              }
            ],
            "tags": null,
            "timeouts": null,
            "vm_size": "Standard_B2ms",
            "zones": null
          },
          "private": "eyJlMmJmYjczMC1lY2FhLTExZTYtOGY4OC0zNDM2M2JjN2M0YzAiOnsiY3JlYXRlIjozNjAwMDAwMDAwMDAwLCJkZWxldGUiOjM2MDAwMDAwMDAwMDAsInJlYWQiOjMwMDAwMDAwMDAwMCwidXBkYXRlIjozNjAwMDAwMDAwMDAwfX0=",
          "depends_on": [
            "azurerm_network_interface.wus",
            "azurerm_resource_group.main",
            "azurerm_virtual_network.wus"
          ]
        },
        {
          "index_key": 1,
          "schema_version": 0,
          "attributes": {
            "additional_capabilities": [],
            "availability_set_id": null,
            "boot_diagnostics": [],
            "delete_data_disks_on_termination": true,
            "delete_os_disk_on_termination": true,
            "id": "/subscriptions/928dcbe5-e163-432f-9185-0550b1a94cf3/resourceGroups/ACE-WINLAB-DEV/providers/Microsoft.Compute/virtualMachines/ACE-VM-1-WUS",
            "identity": [],
            "license_type": null,
            "location": "westus",
            "name": "ACE-VM-1-WUS",
            "network_interface_ids": [
              "/subscriptions/928dcbe5-e163-432f-9185-0550b1a94cf3/resourceGroups/ACE-WINLAB-DEV/providers/Microsoft.Network/networkInterfaces/VM-NIC-WUS-1"
            ],
            "os_profile": [
              {
                "admin_password": "",
                "admin_username": "ACEUser",
                "computer_name": "ACEVM1",
                "custom_data": ""
              }
            ],
            "os_profile_linux_config": [],
            "os_profile_secrets": [],
            "os_profile_windows_config": [
              {
                "additional_unattend_config": [],
                "enable_automatic_upgrades": false,
                "provision_vm_agent": true,
                "timezone": "",
                "winrm": []
              }
            ],
            "plan": [],
            "primary_network_interface_id": null,
            "proximity_placement_group_id": null,
            "resource_group_name": "ACE-WINLAB-DEV",
            "storage_data_disk": [],
            "storage_image_reference": [
              {
                "id": "",
                "offer": "WindowsServer",
                "publisher": "MicrosoftWindowsServer",
                "sku": "2016-Datacenter",
                "version": "latest"
              }
            ],
            "storage_os_disk": [
              {
                "caching": "ReadWrite",
                "create_option": "FromImage",
                "disk_size_gb": 127,
                "image_uri": "",
                "managed_disk_id": "/subscriptions/928dcbe5-e163-432f-9185-0550b1a94cf3/resourceGroups/ACE-WINLAB-DEV/providers/Microsoft.Compute/disks/VM-OS-DISK-WUS1",
                "managed_disk_type": "Standard_LRS",
                "name": "VM-OS-DISK-WUS1",
                "os_type": "Windows",
                "vhd_uri": "",
                "write_accelerator_enabled": false
              }
            ],
            "tags": null,
            "timeouts": null,
            "vm_size": "Standard_B2ms",
            "zones": null
          },
          "private": "eyJlMmJmYjczMC1lY2FhLTExZTYtOGY4OC0zNDM2M2JjN2M0YzAiOnsiY3JlYXRlIjozNjAwMDAwMDAwMDAwLCJkZWxldGUiOjM2MDAwMDAwMDAwMDAsInJlYWQiOjMwMDAwMDAwMDAwMCwidXBkYXRlIjozNjAwMDAwMDAwMDAwfX0=",
          "depends_on": [
            "azurerm_network_interface.wus",
            "azurerm_resource_group.main",
            "azurerm_virtual_network.wus"
          ]
        },
        {
          "index_key": 2,
          "schema_version": 0,
          "attributes": {
            "additional_capabilities": [],
            "availability_set_id": null,
            "boot_diagnostics": [],
            "delete_data_disks_on_termination": true,
            "delete_os_disk_on_termination": true,
            "id": "/subscriptions/928dcbe5-e163-432f-9185-0550b1a94cf3/resourceGroups/ACE-WINLAB-DEV/providers/Microsoft.Compute/virtualMachines/ACE-VM-2-WUS",
            "identity": [],
            "license_type": null,
            "location": "westus",
            "name": "ACE-VM-2-WUS",
            "network_interface_ids": [
              "/subscriptions/928dcbe5-e163-432f-9185-0550b1a94cf3/resourceGroups/ACE-WINLAB-DEV/providers/Microsoft.Network/networkInterfaces/VM-NIC-WUS-2"
            ],
            "os_profile": [
              {
                "admin_password": "",
                "admin_username": "ACEUser",
                "computer_name": "ACEVM2",
                "custom_data": ""
              }
            ],
            "os_profile_linux_config": [],
            "os_profile_secrets": [],
            "os_profile_windows_config": [
              {
                "additional_unattend_config": [],
                "enable_automatic_upgrades": false,
                "provision_vm_agent": true,
                "timezone": "",
                "winrm": []
              }
            ],
            "plan": [],
            "primary_network_interface_id": null,
            "proximity_placement_group_id": null,
            "resource_group_name": "ACE-WINLAB-DEV",
            "storage_data_disk": [],
            "storage_image_reference": [
              {
                "id": "",
                "offer": "WindowsServer",
                "publisher": "MicrosoftWindowsServer",
                "sku": "2016-Datacenter",
                "version": "latest"
              }
            ],
            "storage_os_disk": [
              {
                "caching": "ReadWrite",
                "create_option": "FromImage",
                "disk_size_gb": 127,
                "image_uri": "",
                "managed_disk_id": "/subscriptions/928dcbe5-e163-432f-9185-0550b1a94cf3/resourceGroups/ACE-WINLAB-DEV/providers/Microsoft.Compute/disks/VM-OS-DISK-WUS2",
                "managed_disk_type": "Standard_LRS",
                "name": "VM-OS-DISK-WUS2",
                "os_type": "Windows",
                "vhd_uri": "",
                "write_accelerator_enabled": false
              }
            ],
            "tags": null,
            "timeouts": null,
            "vm_size": "Standard_B2ms",
            "zones": null
          },
          "private": "eyJlMmJmYjczMC1lY2FhLTExZTYtOGY4OC0zNDM2M2JjN2M0YzAiOnsiY3JlYXRlIjozNjAwMDAwMDAwMDAwLCJkZWxldGUiOjM2MDAwMDAwMDAwMDAsInJlYWQiOjMwMDAwMDAwMDAwMCwidXBkYXRlIjozNjAwMDAwMDAwMDAwfX0=",
          "depends_on": [
            "azurerm_network_interface.wus",
            "azurerm_resource_group.main",
            "azurerm_virtual_network.wus"
          ]
        },
        {
          "index_key": 3,
          "schema_version": 0,
          "attributes": {
            "additional_capabilities": [],
            "availability_set_id": null,
            "boot_diagnostics": [],
            "delete_data_disks_on_termination": true,
            "delete_os_disk_on_termination": true,
            "id": "/subscriptions/928dcbe5-e163-432f-9185-0550b1a94cf3/resourceGroups/ACE-WINLAB-DEV/providers/Microsoft.Compute/virtualMachines/ACE-VM-3-WUS",
            "identity": [],
            "license_type": null,
            "location": "westus",
            "name": "ACE-VM-3-WUS",
            "network_interface_ids": [
              "/subscriptions/928dcbe5-e163-432f-9185-0550b1a94cf3/resourceGroups/ACE-WINLAB-DEV/providers/Microsoft.Network/networkInterfaces/VM-NIC-WUS-3"
            ],
            "os_profile": [
              {
                "admin_password": "",
                "admin_username": "ACEUser",
                "computer_name": "ACEVM3",
                "custom_data": ""
              }
            ],
            "os_profile_linux_config": [],
            "os_profile_secrets": [],
            "os_profile_windows_config": [
              {
                "additional_unattend_config": [],
                "enable_automatic_upgrades": false,
                "provision_vm_agent": true,
                "timezone": "",
                "winrm": []
              }
            ],
            "plan": [],
            "primary_network_interface_id": null,
            "proximity_placement_group_id": null,
            "resource_group_name": "ACE-WINLAB-DEV",
            "storage_data_disk": [],
            "storage_image_reference": [
              {
                "id": "",
                "offer": "WindowsServer",
                "publisher": "MicrosoftWindowsServer",
                "sku": "2016-Datacenter",
                "version": "latest"
              }
            ],
            "storage_os_disk": [
              {
                "caching": "ReadWrite",
                "create_option": "FromImage",
                "disk_size_gb": 127,
                "image_uri": "",
                "managed_disk_id": "/subscriptions/928dcbe5-e163-432f-9185-0550b1a94cf3/resourceGroups/ACE-WINLAB-DEV/providers/Microsoft.Compute/disks/VM-OS-DISK-WUS3",
                "managed_disk_type": "Standard_LRS",
                "name": "VM-OS-DISK-WUS3",
                "os_type": "Windows",
                "vhd_uri": "",
                "write_accelerator_enabled": false
              }
            ],
            "tags": null,
            "timeouts": null,
            "vm_size": "Standard_B2ms",
            "zones": null
          },
          "private": "eyJlMmJmYjczMC1lY2FhLTExZTYtOGY4OC0zNDM2M2JjN2M0YzAiOnsiY3JlYXRlIjozNjAwMDAwMDAwMDAwLCJkZWxldGUiOjM2MDAwMDAwMDAwMDAsInJlYWQiOjMwMDAwMDAwMDAwMCwidXBkYXRlIjozNjAwMDAwMDAwMDAwfX0=",
          "depends_on": [
            "azurerm_network_interface.wus",
            "azurerm_resource_group.main",
            "azurerm_virtual_network.wus"
          ]
        },
        {
          "index_key": 4,
          "schema_version": 0,
          "attributes": {
            "additional_capabilities": [],
            "availability_set_id": null,
            "boot_diagnostics": [],
            "delete_data_disks_on_termination": true,
            "delete_os_disk_on_termination": true,
            "id": "/subscriptions/928dcbe5-e163-432f-9185-0550b1a94cf3/resourceGroups/ACE-WINLAB-DEV/providers/Microsoft.Compute/virtualMachines/ACE-VM-4-WUS",
            "identity": [],
            "license_type": null,
            "location": "westus",
            "name": "ACE-VM-4-WUS",
            "network_interface_ids": [
              "/subscriptions/928dcbe5-e163-432f-9185-0550b1a94cf3/resourceGroups/ACE-WINLAB-DEV/providers/Microsoft.Network/networkInterfaces/VM-NIC-WUS-4"
            ],
            "os_profile": [
              {
                "admin_password": "",
                "admin_username": "ACEUser",
                "computer_name": "ACEVM4",
                "custom_data": ""
              }
            ],
            "os_profile_linux_config": [],
            "os_profile_secrets": [],
            "os_profile_windows_config": [
              {
                "additional_unattend_config": [],
                "enable_automatic_upgrades": false,
                "provision_vm_agent": true,
                "timezone": "",
                "winrm": []
              }
            ],
            "plan": [],
            "primary_network_interface_id": null,
            "proximity_placement_group_id": null,
            "resource_group_name": "ACE-WINLAB-DEV",
            "storage_data_disk": [],
            "storage_image_reference": [
              {
                "id": "",
                "offer": "WindowsServer",
                "publisher": "MicrosoftWindowsServer",
                "sku": "2016-Datacenter",
                "version": "latest"
              }
            ],
            "storage_os_disk": [
              {
                "caching": "ReadWrite",
                "create_option": "FromImage",
                "disk_size_gb": 127,
                "image_uri": "",
                "managed_disk_id": "/subscriptions/928dcbe5-e163-432f-9185-0550b1a94cf3/resourceGroups/ACE-WINLAB-DEV/providers/Microsoft.Compute/disks/VM-OS-DISK-WUS4",
                "managed_disk_type": "Standard_LRS",
                "name": "VM-OS-DISK-WUS4",
                "os_type": "Windows",
                "vhd_uri": "",
                "write_accelerator_enabled": false
              }
            ],
            "tags": null,
            "timeouts": null,
            "vm_size": "Standard_B2ms",
            "zones": null
          },
          "private": "eyJlMmJmYjczMC1lY2FhLTExZTYtOGY4OC0zNDM2M2JjN2M0YzAiOnsiY3JlYXRlIjozNjAwMDAwMDAwMDAwLCJkZWxldGUiOjM2MDAwMDAwMDAwMDAsInJlYWQiOjMwMDAwMDAwMDAwMCwidXBkYXRlIjozNjAwMDAwMDAwMDAwfX0=",
          "depends_on": [
            "azurerm_network_interface.wus",
            "azurerm_resource_group.main",
            "azurerm_virtual_network.wus"
          ]
        }
      ]
    },
    {
      "mode": "managed",
      "type": "azurerm_virtual_network",
      "name": "eus",
      "provider": "provider.azurerm",
      "instances": [
        {
          "schema_version": 0,
          "attributes": {
            "address_space": [
              "192.168.2.0/24"
            ],
            "ddos_protection_plan": [],
            "dns_servers": null,
            "id": "/subscriptions/928dcbe5-e163-432f-9185-0550b1a94cf3/resourceGroups/ACE-WINLAB-DEV/providers/Microsoft.Network/virtualNetworks/ACE-WINLAB-VNET2",
            "location": "eastus",
            "name": "ACE-WINLAB-VNET2",
            "resource_group_name": "ACE-WINLAB-DEV",
            "subnet": [],
            "tags": null,
            "timeouts": null
          },
          "private": "eyJlMmJmYjczMC1lY2FhLTExZTYtOGY4OC0zNDM2M2JjN2M0YzAiOnsiY3JlYXRlIjoxODAwMDAwMDAwMDAwLCJkZWxldGUiOjE4MDAwMDAwMDAwMDAsInJlYWQiOjMwMDAwMDAwMDAwMCwidXBkYXRlIjoxODAwMDAwMDAwMDAwfX0=",
          "depends_on": [
            "azurerm_resource_group.main"
          ]
        }
      ]
    },
    {
      "mode": "managed",
      "type": "azurerm_virtual_network",
      "name": "ncus",
      "provider": "provider.azurerm",
      "instances": [
        {
          "schema_version": 0,
          "attributes": {
            "address_space": [
              "192.168.1.0/24"
            ],
            "ddos_protection_plan": [],
            "dns_servers": null,
            "id": "/subscriptions/928dcbe5-e163-432f-9185-0550b1a94cf3/resourceGroups/ACE-WINLAB-DEV/providers/Microsoft.Network/virtualNetworks/ACE-WINLAB-VNET1",
            "location": "northcentralus",
            "name": "ACE-WINLAB-VNET1",
            "resource_group_name": "ACE-WINLAB-DEV",
            "subnet": [],
            "tags": null,
            "timeouts": null
          },
          "private": "eyJlMmJmYjczMC1lY2FhLTExZTYtOGY4OC0zNDM2M2JjN2M0YzAiOnsiY3JlYXRlIjoxODAwMDAwMDAwMDAwLCJkZWxldGUiOjE4MDAwMDAwMDAwMDAsInJlYWQiOjMwMDAwMDAwMDAwMCwidXBkYXRlIjoxODAwMDAwMDAwMDAwfX0=",
          "depends_on": [
            "azurerm_resource_group.main"
          ]
        }
      ]
    },
    {
      "mode": "managed",
      "type": "azurerm_virtual_network",
      "name": "scus",
      "provider": "provider.azurerm",
      "instances": [
        {
          "schema_version": 0,
          "attributes": {
            "address_space": [
              "192.168.4.0/24"
            ],
            "ddos_protection_plan": [],
            "dns_servers": null,
            "id": "/subscriptions/928dcbe5-e163-432f-9185-0550b1a94cf3/resourceGroups/ACE-WINLAB-DEV/providers/Microsoft.Network/virtualNetworks/ACE-WINLAB-VNET4",
            "location": "southcentralus",
            "name": "ACE-WINLAB-VNET4",
            "resource_group_name": "ACE-WINLAB-DEV",
            "subnet": [],
            "tags": null,
            "timeouts": null
          },
          "private": "eyJlMmJmYjczMC1lY2FhLTExZTYtOGY4OC0zNDM2M2JjN2M0YzAiOnsiY3JlYXRlIjoxODAwMDAwMDAwMDAwLCJkZWxldGUiOjE4MDAwMDAwMDAwMDAsInJlYWQiOjMwMDAwMDAwMDAwMCwidXBkYXRlIjoxODAwMDAwMDAwMDAwfX0=",
          "depends_on": [
            "azurerm_resource_group.main"
          ]
        }
      ]
    },
    {
      "mode": "managed",
      "type": "azurerm_virtual_network",
      "name": "wus",
      "provider": "provider.azurerm",
      "instances": [
        {
          "schema_version": 0,
          "attributes": {
            "address_space": [
              "192.168.3.0/24"
            ],
            "ddos_protection_plan": [],
            "dns_servers": null,
            "id": "/subscriptions/928dcbe5-e163-432f-9185-0550b1a94cf3/resourceGroups/ACE-WINLAB-DEV/providers/Microsoft.Network/virtualNetworks/ACE-WINLAB-VNET3",
            "location": "westus",
            "name": "ACE-WINLAB-VNET3",
            "resource_group_name": "ACE-WINLAB-DEV",
            "subnet": [],
            "tags": null,
            "timeouts": null
          },
          "private": "eyJlMmJmYjczMC1lY2FhLTExZTYtOGY4OC0zNDM2M2JjN2M0YzAiOnsiY3JlYXRlIjoxODAwMDAwMDAwMDAwLCJkZWxldGUiOjE4MDAwMDAwMDAwMDAsInJlYWQiOjMwMDAwMDAwMDAwMCwidXBkYXRlIjoxODAwMDAwMDAwMDAwfX0=",
          "depends_on": [
            "azurerm_resource_group.main"
          ]
        }
      ]
    }
  ]
}
